<?xml version="1.0" encoding="utf-8"?>
<Project ToolsVersion="4.0" xmlns="http://schemas.microsoft.com/developer/msbuild/2003">
  <ItemGroup>
    <Filter Include="win32">
      <UniqueIdentifier>{84a8ebd7-7cf0-47f6-b75e-d441df67da40}</UniqueIdentifier>
    </Filter>
    <Filter Include="resource">
      <UniqueIdentifier>{715254bc-d70b-4ec5-bf29-467dd3ace079}</UniqueIdentifier>
    </Filter>
    <Filter Include="src">
      <UniqueIdentifier>{bb6c862e-70e9-49d9-81b7-3829a6f50471}</UniqueIdentifier>
    </Filter>
    <Filter Include="Live2D::Cubism::Framework">
      <UniqueIdentifier>{37e1dadc-c4ce-48c6-9f43-b7e6813d2f1b}</UniqueIdentifier>
    </Filter>
    <Filter Include="Live2D::Cubism::Framework\Effect">
      <UniqueIdentifier>{3243fb68-dec2-4c5d-bf7a-cdad65b6c733}</UniqueIdentifier>
    </Filter>
    <Filter Include="Live2D::Cubism::Framework\Id">
      <UniqueIdentifier>{0fae6b6b-4387-48da-8501-97500303cb12}</UniqueIdentifier>
    </Filter>
    <Filter Include="Live2D::Cubism::Framework\Math">
      <UniqueIdentifier>{bb2021da-07de-41fc-be0c-a781bffc0717}</UniqueIdentifier>
    </Filter>
    <Filter Include="Live2D::Cubism::Framework\Model">
      <UniqueIdentifier>{7c845d57-53ec-4ed3-bc01-4070d3994921}</UniqueIdentifier>
    </Filter>
    <Filter Include="Live2D::Cubism::Framework\Motion">
      <UniqueIdentifier>{363bbd26-87c4-4aa9-9a2b-43eb9b6d2b33}</UniqueIdentifier>
    </Filter>
    <Filter Include="Live2D::Cubism::Framework\Physics">
      <UniqueIdentifier>{2b8ef30b-8918-4633-8b4c-9400480df2a1}</UniqueIdentifier>
    </Filter>
    <Filter Include="Live2D::Cubism::Framework\Rendering">
      <UniqueIdentifier>{f8a7dfa1-8028-466e-816c-cedea4837d8b}</UniqueIdentifier>
    </Filter>
    <Filter Include="Live2D::Cubism::Framework\Rendering\OpenGL">
      <UniqueIdentifier>{da7f7352-2518-401c-b5a9-3d56ae714134}</UniqueIdentifier>
    </Filter>
    <Filter Include="Live2D::Cubism::Framework\Type">
      <UniqueIdentifier>{bb4f02c2-23f3-4044-9be2-016b39999342}</UniqueIdentifier>
    </Filter>
    <Filter Include="Live2D::Cubism::Framework\Utils">
      <UniqueIdentifier>{c32ba575-8dd8-4348-8665-4f5c7da4587e}</UniqueIdentifier>
    </Filter>
  </ItemGroup>
  <ItemGroup>
    <ClCompile Include="main.cpp">
      <Filter>win32</Filter>
    </ClCompile>
    <ClCompile Include="..\Classes\AppDelegate.cpp">
      <Filter>src</Filter>
    </ClCompile>
    <ClCompile Include="..\Classes\LAppLive2DManager.cpp">
      <Filter>src</Filter>
    </ClCompile>
    <ClCompile Include="..\Classes\LAppModel.cpp">
      <Filter>src</Filter>
    </ClCompile>
    <ClCompile Include="..\Classes\LAppView.cpp">
      <Filter>src</Filter>
    </ClCompile>
    <ClCompile Include="..\Classes\SampleScene.cpp">
      <Filter>src</Filter>
    </ClCompile>
    <ClCompile Include="..\Classes\TouchManager.cpp">
      <Filter>src</Filter>
    </ClCompile>
    <ClCompile Include="..\Classes\LAppAllocator.cpp">
      <Filter>src</Filter>
    </ClCompile>
    <ClCompile Include="..\Classes\LAppDefine.cpp">
      <Filter>src</Filter>
    </ClCompile>
    <ClCompile Include="..\..\..\..\Framework\src\Utils\CubismDebug.cpp">
      <Filter>Live2D::Cubism::Framework\Utils</Filter>
    </ClCompile>
    <ClCompile Include="..\..\..\..\Framework\src\Utils\CubismJson.cpp">
      <Filter>Live2D::Cubism::Framework\Utils</Filter>
    </ClCompile>
    <ClCompile Include="..\..\..\..\Framework\src\Utils\CubismString.cpp">
      <Filter>Live2D::Cubism::Framework\Utils</Filter>
    </ClCompile>
    <ClCompile Include="..\..\..\..\Framework\src\Type\csmRectF.cpp">
      <Filter>Live2D::Cubism::Framework\Type</Filter>
    </ClCompile>
    <ClCompile Include="..\..\..\..\Framework\src\Type\csmString.cpp">
      <Filter>Live2D::Cubism::Framework\Type</Filter>
    </ClCompile>
    <ClCompile Include="..\..\..\..\Framework\src\Rendering\OpenGL\CubismRenderer_OpenGLES2.cpp">
      <Filter>Live2D::Cubism::Framework\Rendering\OpenGL</Filter>
    </ClCompile>
    <ClCompile Include="..\..\..\..\Framework\src\Physics\CubismPhysics.cpp">
      <Filter>Live2D::Cubism::Framework\Physics</Filter>
    </ClCompile>
    <ClCompile Include="..\..\..\..\Framework\src\Physics\CubismPhysicsJson.cpp">
      <Filter>Live2D::Cubism::Framework\Physics</Filter>
    </ClCompile>
    <ClCompile Include="..\..\..\..\Framework\src\Motion\ACubismMotion.cpp">
      <Filter>Live2D::Cubism::Framework\Motion</Filter>
    </ClCompile>
    <ClCompile Include="..\..\..\..\Framework\src\Motion\CubismExpressionMotion.cpp">
      <Filter>Live2D::Cubism::Framework\Motion</Filter>
    </ClCompile>
    <ClCompile Include="..\..\..\..\Framework\src\Motion\CubismMotion.cpp">
      <Filter>Live2D::Cubism::Framework\Motion</Filter>
    </ClCompile>
    <ClCompile Include="..\..\..\..\Framework\src\Motion\CubismMotionJson.cpp">
      <Filter>Live2D::Cubism::Framework\Motion</Filter>
    </ClCompile>
    <ClCompile Include="..\..\..\..\Framework\src\Motion\CubismMotionManager.cpp">
      <Filter>Live2D::Cubism::Framework\Motion</Filter>
    </ClCompile>
    <ClCompile Include="..\..\..\..\Framework\src\Motion\CubismMotionQueueEntry.cpp">
      <Filter>Live2D::Cubism::Framework\Motion</Filter>
    </ClCompile>
    <ClCompile Include="..\..\..\..\Framework\src\Motion\CubismMotionQueueManager.cpp">
      <Filter>Live2D::Cubism::Framework\Motion</Filter>
    </ClCompile>
    <ClCompile Include="..\..\..\..\Framework\src\Math\CubismMatrix44.cpp">
      <Filter>Live2D::Cubism::Framework\Math</Filter>
    </ClCompile>
    <ClCompile Include="..\..\..\..\Framework\src\Math\CubismModelMatrix.cpp">
      <Filter>Live2D::Cubism::Framework\Math</Filter>
    </ClCompile>
    <ClCompile Include="..\..\..\..\Framework\src\Math\CubismTargetPoint.cpp">
      <Filter>Live2D::Cubism::Framework\Math</Filter>
    </ClCompile>
    <ClCompile Include="..\..\..\..\Framework\src\Math\CubismViewMatrix.cpp">
      <Filter>Live2D::Cubism::Framework\Math</Filter>
    </ClCompile>
    <ClCompile Include="..\..\..\..\Framework\src\Effect\CubismEyeBlink.cpp">
      <Filter>Live2D::Cubism::Framework\Effect</Filter>
    </ClCompile>
    <ClCompile Include="..\..\..\..\Framework\src\Effect\CubismPose.cpp">
      <Filter>Live2D::Cubism::Framework\Effect</Filter>
    </ClCompile>
    <ClCompile Include="..\..\..\..\Framework\src\Model\CubismMoc.cpp">
      <Filter>Live2D::Cubism::Framework\Model</Filter>
    </ClCompile>
    <ClCompile Include="..\..\..\..\Framework\src\Model\CubismModel.cpp">
      <Filter>Live2D::Cubism::Framework\Model</Filter>
    </ClCompile>
    <ClCompile Include="..\..\..\..\Framework\src\Model\CubismUserModel.cpp">
      <Filter>Live2D::Cubism::Framework\Model</Filter>
    </ClCompile>
    <ClCompile Include="..\..\..\..\Framework\src\Rendering\CubismRenderer.cpp">
      <Filter>Live2D::Cubism::Framework\Rendering</Filter>
    </ClCompile>
    <ClCompile Include="..\..\..\..\Framework\src\Math\CubismMath.cpp">
      <Filter>Live2D::Cubism::Framework\Math</Filter>
    </ClCompile>
    <ClCompile Include="..\..\..\..\Framework\src\Math\CubismVector2.cpp">
      <Filter>Live2D::Cubism::Framework\Math</Filter>
    </ClCompile>
    <ClCompile Include="..\Classes\LAppPal.cpp">
      <Filter>src</Filter>
    </ClCompile>
    <ClCompile Include="..\..\..\..\Framework\src\Id\CubismId.cpp">
      <Filter>Live2D::Cubism::Framework\Id</Filter>
    </ClCompile>
    <ClCompile Include="..\..\..\..\Framework\src\Id\CubismIdManager.cpp">
      <Filter>Live2D::Cubism::Framework\Id</Filter>
    </ClCompile>
    <ClCompile Include="..\..\..\..\Framework\src\Model\CubismModelUserDataJson.cpp">
      <Filter>Live2D::Cubism::Framework\Model</Filter>
    </ClCompile>
    <ClCompile Include="..\..\..\..\Framework\src\Model\CubismModelUserData.cpp">
      <Filter>Live2D::Cubism::Framework\Model</Filter>
    </ClCompile>
    <ClCompile Include="..\..\..\..\Framework\src\Effect\CubismBreath.cpp">
      <Filter>Live2D::Cubism::Framework\Effect</Filter>
    </ClCompile>
    <ClCompile Include="..\..\..\..\Framework\src\CubismDefaultParameterId.cpp">
      <Filter>Live2D::Cubism::Framework</Filter>
    </ClCompile>
    <ClCompile Include="..\..\..\..\Framework\src\CubismFramework.cpp">
      <Filter>Live2D::Cubism::Framework</Filter>
    </ClCompile>
    <ClCompile Include="..\..\..\..\Framework\src\CubismModelSettingJson.cpp">
      <Filter>Live2D::Cubism::Framework</Filter>
    </ClCompile>
    <ClCompile Include="..\..\..\..\Framework\src\Rendering\OpenGL\CubismOffscreenSurface_OpenGLES2.cpp">
      <Filter>Live2D::Cubism::Framework\Rendering\OpenGL</Filter>
    </ClCompile>
    <ClCompile Include="..\Classes\LAppSprite.cpp">
      <Filter>src</Filter>
    </ClCompile>
  </ItemGroup>
  <ItemGroup>
    <ClInclude Include="main.h">
      <Filter>win32</Filter>
    </ClInclude>
    <ClInclude Include="..\Classes\AppDelegate.h">
      <Filter>src</Filter>
    </ClInclude>
    <ClInclude Include="..\Classes\AppMacros.h">
      <Filter>src</Filter>
    </ClInclude>
    <ClInclude Include="..\Classes\SampleScene.h">
      <Filter>src</Filter>
    </ClInclude>
    <ClInclude Include="..\Classes\TouchManager.h">
      <Filter>src</Filter>
    </ClInclude>
    <ClInclude Include="..\..\..\..\Framework\src\Utils\CubismDebug.hpp">
      <Filter>Live2D::Cubism::Framework\Utils</Filter>
    </ClInclude>
    <ClInclude Include="..\..\..\..\Framework\src\Utils\CubismJson.hpp">
      <Filter>Live2D::Cubism::Framework\Utils</Filter>
    </ClInclude>
    <ClInclude Include="..\..\..\..\Framework\src\Utils\CubismString.hpp">
      <Filter>Live2D::Cubism::Framework\Utils</Filter>
    </ClInclude>
    <ClInclude Include="..\..\..\..\Framework\src\Rendering\OpenGL\CubismRenderer_OpenGLES2.hpp">
      <Filter>Live2D::Cubism::Framework\Rendering\OpenGL</Filter>
    </ClInclude>
    <ClInclude Include="..\..\..\..\Framework\src\Rendering\CubismRenderer.hpp">
      <Filter>Live2D::Cubism::Framework\Rendering</Filter>
    </ClInclude>
    <ClInclude Include="..\..\..\..\Framework\src\Motion\CubismMotionJson.hpp">
      <Filter>Live2D::Cubism::Framework\Motion</Filter>
    </ClInclude>
    <ClInclude Include="..\..\..\..\Framework\src\Physics\CubismPhysicsJson.hpp">
      <Filter>Live2D::Cubism::Framework\Physics</Filter>
    </ClInclude>
    <ClInclude Include="..\..\..\..\Framework\src\Physics\CubismPhysics.hpp">
      <Filter>Live2D::Cubism::Framework\Physics</Filter>
    </ClInclude>
    <ClInclude Include="..\..\..\..\Framework\src\Physics\CubismPhysicsInternal.hpp">
      <Filter>Live2D::Cubism::Framework\Physics</Filter>
    </ClInclude>
    <ClInclude Include="..\..\..\..\Framework\src\Motion\CubismMotionInternal.hpp">
      <Filter>Live2D::Cubism::Framework\Motion</Filter>
    </ClInclude>
    <ClInclude Include="..\..\..\..\Framework\src\Motion\CubismMotion.hpp">
      <Filter>Live2D::Cubism::Framework\Motion</Filter>
    </ClInclude>
    <ClInclude Include="..\..\..\..\Framework\src\Effect\CubismEyeBlink.hpp">
      <Filter>Live2D::Cubism::Framework\Effect</Filter>
    </ClInclude>
    <ClInclude Include="..\..\..\..\Framework\src\Effect\CubismPose.hpp">
      <Filter>Live2D::Cubism::Framework\Effect</Filter>
    </ClInclude>
    <ClInclude Include="..\..\..\..\Framework\src\Math\CubismMath.hpp">
      <Filter>Live2D::Cubism::Framework\Math</Filter>
    </ClInclude>
    <ClInclude Include="..\..\..\..\Framework\src\Math\CubismMatrix44.hpp">
      <Filter>Live2D::Cubism::Framework\Math</Filter>
    </ClInclude>
    <ClInclude Include="..\..\..\..\Framework\src\Math\CubismModelMatrix.hpp">
      <Filter>Live2D::Cubism::Framework\Math</Filter>
    </ClInclude>
    <ClInclude Include="..\..\..\..\Framework\src\Math\CubismTargetPoint.hpp">
      <Filter>Live2D::Cubism::Framework\Math</Filter>
    </ClInclude>
    <ClInclude Include="..\..\..\..\Framework\src\Math\CubismViewMatrix.hpp">
      <Filter>Live2D::Cubism::Framework\Math</Filter>
    </ClInclude>
    <ClInclude Include="..\..\..\..\Framework\src\Type\CubismBasicType.hpp">
      <Filter>Live2D::Cubism::Framework\Type</Filter>
    </ClInclude>
    <ClInclude Include="..\..\..\..\Framework\src\Type\csmVector.hpp">
      <Filter>Live2D::Cubism::Framework\Type</Filter>
    </ClInclude>
    <ClInclude Include="..\..\..\..\Framework\src\Type\csmString.hpp">
      <Filter>Live2D::Cubism::Framework\Type</Filter>
    </ClInclude>
    <ClInclude Include="..\..\..\..\Framework\src\Type\csmRectF.hpp">
      <Filter>Live2D::Cubism::Framework\Type</Filter>
    </ClInclude>
    <ClInclude Include="..\..\..\..\Framework\src\Type\csmMap.hpp">
      <Filter>Live2D::Cubism::Framework\Type</Filter>
    </ClInclude>
    <ClInclude Include="..\..\..\..\Framework\src\Math\CubismVector2.hpp">
      <Filter>Live2D::Cubism::Framework\Math</Filter>
    </ClInclude>
    <ClInclude Include="..\..\..\..\Framework\src\Model\CubismMoc.hpp">
      <Filter>Live2D::Cubism::Framework\Model</Filter>
    </ClInclude>
    <ClInclude Include="..\..\..\..\Framework\src\Motion\ACubismMotion.hpp">
      <Filter>Live2D::Cubism::Framework\Motion</Filter>
    </ClInclude>
    <ClInclude Include="..\..\..\..\Framework\src\Motion\CubismMotionQueueManager.hpp">
      <Filter>Live2D::Cubism::Framework\Motion</Filter>
    </ClInclude>
    <ClInclude Include="..\..\..\..\Framework\src\Motion\CubismMotionQueueEntry.hpp">
      <Filter>Live2D::Cubism::Framework\Motion</Filter>
    </ClInclude>
    <ClInclude Include="..\..\..\..\Framework\src\Motion\CubismMotionManager.hpp">
      <Filter>Live2D::Cubism::Framework\Motion</Filter>
    </ClInclude>
    <ClInclude Include="..\..\..\..\Framework\src\Motion\CubismExpressionMotion.hpp">
      <Filter>Live2D::Cubism::Framework\Motion</Filter>
    </ClInclude>
    <ClInclude Include="..\Classes\LAppModel.hpp">
      <Filter>src</Filter>
    </ClInclude>
    <ClInclude Include="..\Classes\LAppAllocator.hpp">
      <Filter>src</Filter>
    </ClInclude>
    <ClInclude Include="..\Classes\LAppDefine.hpp">
      <Filter>src</Filter>
    </ClInclude>
    <ClInclude Include="..\Classes\LAppPal.hpp">
      <Filter>src</Filter>
    </ClInclude>
    <ClInclude Include="..\Classes\LAppView.hpp">
      <Filter>src</Filter>
    </ClInclude>
    <ClInclude Include="..\Classes\LAppLive2DManager.hpp">
      <Filter>src</Filter>
    </ClInclude>
    <ClInclude Include="..\..\..\..\Framework\src\Id\CubismId.hpp">
      <Filter>Live2D::Cubism::Framework\Id</Filter>
    </ClInclude>
    <ClInclude Include="..\..\..\..\Framework\src\Id\CubismIdManager.hpp">
      <Filter>Live2D::Cubism::Framework\Id</Filter>
    </ClInclude>
    <ClInclude Include="..\..\..\..\Framework\src\Model\CubismUserModel.hpp">
      <Filter>Live2D::Cubism::Framework\Model</Filter>
    </ClInclude>
    <ClInclude Include="..\..\..\..\Framework\src\Model\CubismModel.hpp">
      <Filter>Live2D::Cubism::Framework\Model</Filter>
    </ClInclude>
    <ClInclude Include="..\..\..\..\Framework\src\Model\CubismModelUserDataJson.hpp">
      <Filter>Live2D::Cubism::Framework\Model</Filter>
    </ClInclude>
    <ClInclude Include="..\..\..\..\Framework\src\Model\CubismModelUserData.hpp">
      <Filter>Live2D::Cubism::Framework\Model</Filter>
    </ClInclude>
    <ClInclude Include="..\..\..\..\Framework\src\Effect\CubismBreath.hpp">
      <Filter>Live2D::Cubism::Framework\Effect</Filter>
    </ClInclude>
    <ClInclude Include="..\..\..\..\Framework\src\CubismDefaultParameterId.hpp">
      <Filter>Live2D::Cubism::Framework</Filter>
    </ClInclude>
    <ClInclude Include="..\..\..\..\Framework\src\CubismFramework.hpp">
      <Filter>Live2D::Cubism::Framework</Filter>
    </ClInclude>
    <ClInclude Include="..\..\..\..\Framework\src\CubismFrameworkConfig.hpp">
      <Filter>Live2D::Cubism::Framework</Filter>
    </ClInclude>
    <ClInclude Include="..\..\..\..\Framework\src\CubismModelSettingJson.hpp">
      <Filter>Live2D::Cubism::Framework</Filter>
    </ClInclude>
    <ClInclude Include="..\..\..\..\Framework\src\ICubismAllocator.hpp">
      <Filter>Live2D::Cubism::Framework</Filter>
    </ClInclude>
    <ClInclude Include="..\..\..\..\Framework\src\ICubismModelSetting.hpp">
      <Filter>Live2D::Cubism::Framework</Filter>
    </ClInclude>
    <ClInclude Include="..\..\..\..\Framework\src\Live2DCubismCore.hpp">
      <Filter>Live2D::Cubism::Framework</Filter>
    </ClInclude>
    <ClInclude Include="..\..\..\..\Framework\src\Rendering\OpenGL\CubismOffscreenSurface_OpenGLES2.hpp">
      <Filter>Live2D::Cubism::Framework\Rendering\OpenGL</Filter>
    </ClInclude>
    <ClInclude Include="..\Classes\LAppSprite.hpp">
      <Filter>src</Filter>
    </ClInclude>
  </ItemGroup>
  <ItemGroup>
    <ResourceCompile Include="game.rc">
      <Filter>resource</Filter>
    </ResourceCompile>
  </ItemGroup>
</Project>