// !$*UTF8*$!
{
	archiveVersion = 1;
	classes = {
	};
	objectVersion = 46;
	objects = {

/* Begin PBXBuildFile section */
		1D60589F0D05DD5A006BFB54 /* Foundation.framework in Frameworks */ = {isa = PBXBuildFile; fileRef = 1D30AB110D05D00D00671497 /* Foundation.framework */; };
		1DF5F4E00D08C38300B7A737 /* UIKit.framework in Frameworks */ = {isa = PBXBuildFile; fileRef = 1DF5F4DF0D08C38300B7A737 /* UIKit.framework */; };
		288765A50DF7441C002DB57D /* CoreGraphics.framework in Frameworks */ = {isa = PBXBuildFile; fileRef = 288765A40DF7441C002DB57D /* CoreGraphics.framework */; };
		294D0D641D0D56D500F7F5D4 /* CoreText.framework in Frameworks */ = {isa = PBXBuildFile; fileRef = 294D0D631D0D56D500F7F5D4 /* CoreText.framework */; };
		46880B8819C43A87006E1F66 /* AppDelegate.cpp in Sources */ = {isa = PBXBuildFile; fileRef = 46880B8419C43A87006E1F66 /* AppDelegate.cpp */; };
		46880B8919C43A87006E1F66 /* AppDelegate.cpp in Sources */ = {isa = PBXBuildFile; fileRef = 46880B8419C43A87006E1F66 /* AppDelegate.cpp */; };
		503AE0F817EB97AB00D1A890 /* Icon.icns in Resources */ = {isa = PBXBuildFile; fileRef = 503AE0F617EB97AB00D1A890 /* Icon.icns */; };
		503AE10017EB989F00D1A890 /* AppController.mm in Sources */ = {isa = PBXBuildFile; fileRef = 503AE0FB17EB989F00D1A890 /* AppController.mm */; };
		503AE10117EB989F00D1A890 /* main.m in Sources */ = {isa = PBXBuildFile; fileRef = 503AE0FC17EB989F00D1A890 /* main.m */; };
		503AE10217EB989F00D1A890 /* RootViewController.mm in Sources */ = {isa = PBXBuildFile; fileRef = 503AE0FF17EB989F00D1A890 /* RootViewController.mm */; };
		503AE10517EB98FF00D1A890 /* main.cpp in Sources */ = {isa = PBXBuildFile; fileRef = 503AE10317EB98FF00D1A890 /* main.cpp */; };
		503AE11B17EB9C5A00D1A890 /* IOKit.framework in Frameworks */ = {isa = PBXBuildFile; fileRef = 503AE11A17EB9C5A00D1A890 /* IOKit.framework */; };
		5087E76317EB910900C73F5D /* Foundation.framework in Frameworks */ = {isa = PBXBuildFile; fileRef = 1D30AB110D05D00D00671497 /* Foundation.framework */; };
		5087E76717EB910900C73F5D /* libz.dylib in Frameworks */ = {isa = PBXBuildFile; fileRef = BF170DB412928DE900B8313A /* libz.dylib */; };
		5087E76817EB910900C73F5D /* QuartzCore.framework in Frameworks */ = {isa = PBXBuildFile; fileRef = BF1C47EA1293683800B63C5D /* QuartzCore.framework */; };
		5087E76917EB910900C73F5D /* OpenAL.framework in Frameworks */ = {isa = PBXBuildFile; fileRef = D44C620B132DFF330009C878 /* OpenAL.framework */; };
		5087E76A17EB910900C73F5D /* AVFoundation.framework in Frameworks */ = {isa = PBXBuildFile; fileRef = D44C620D132DFF430009C878 /* AVFoundation.framework */; };
		5087E76B17EB910900C73F5D /* AudioToolbox.framework in Frameworks */ = {isa = PBXBuildFile; fileRef = D44C620F132DFF4E0009C878 /* AudioToolbox.framework */; };
		5087E77D17EB970100C73F5D /* Default-568h@2x.png in Resources */ = {isa = PBXBuildFile; fileRef = 5087E77217EB970100C73F5D /* Default-568h@2x.png */; };
		5087E77E17EB970100C73F5D /* Default.png in Resources */ = {isa = PBXBuildFile; fileRef = 5087E77317EB970100C73F5D /* Default.png */; };
		5087E77F17EB970100C73F5D /* Default@2x.png in Resources */ = {isa = PBXBuildFile; fileRef = 5087E77417EB970100C73F5D /* Default@2x.png */; };
		5087E78017EB970100C73F5D /* Icon-114.png in Resources */ = {isa = PBXBuildFile; fileRef = 5087E77517EB970100C73F5D /* Icon-114.png */; };
		5087E78117EB970100C73F5D /* Icon-120.png in Resources */ = {isa = PBXBuildFile; fileRef = 5087E77617EB970100C73F5D /* Icon-120.png */; };
		5087E78217EB970100C73F5D /* Icon-144.png in Resources */ = {isa = PBXBuildFile; fileRef = 5087E77717EB970100C73F5D /* Icon-144.png */; };
		5087E78317EB970100C73F5D /* Icon-152.png in Resources */ = {isa = PBXBuildFile; fileRef = 5087E77817EB970100C73F5D /* Icon-152.png */; };
		5087E78417EB970100C73F5D /* Icon-57.png in Resources */ = {isa = PBXBuildFile; fileRef = 5087E77917EB970100C73F5D /* Icon-57.png */; };
		5087E78517EB970100C73F5D /* Icon-72.png in Resources */ = {isa = PBXBuildFile; fileRef = 5087E77A17EB970100C73F5D /* Icon-72.png */; };
		5087E78617EB970100C73F5D /* Icon-76.png in Resources */ = {isa = PBXBuildFile; fileRef = 5087E77B17EB970100C73F5D /* Icon-76.png */; };
		5087E78917EB974C00C73F5D /* AppKit.framework in Frameworks */ = {isa = PBXBuildFile; fileRef = 5087E78817EB974C00C73F5D /* AppKit.framework */; };
		5087E78B17EB975400C73F5D /* OpenGL.framework in Frameworks */ = {isa = PBXBuildFile; fileRef = 5087E78A17EB975400C73F5D /* OpenGL.framework */; };
		50EF629617ECD46A001EB2F8 /* Icon-40.png in Resources */ = {isa = PBXBuildFile; fileRef = 50EF629217ECD46A001EB2F8 /* Icon-40.png */; };
		50EF629717ECD46A001EB2F8 /* Icon-58.png in Resources */ = {isa = PBXBuildFile; fileRef = 50EF629317ECD46A001EB2F8 /* Icon-58.png */; };
		50EF629817ECD46A001EB2F8 /* Icon-80.png in Resources */ = {isa = PBXBuildFile; fileRef = 50EF629417ECD46A001EB2F8 /* Icon-80.png */; };
		50EF629917ECD46A001EB2F8 /* Icon-100.png in Resources */ = {isa = PBXBuildFile; fileRef = 50EF629517ECD46A001EB2F8 /* Icon-100.png */; };
		50EF62A217ECD613001EB2F8 /* Icon-29.png in Resources */ = {isa = PBXBuildFile; fileRef = 50EF62A017ECD613001EB2F8 /* Icon-29.png */; };
		50EF62A317ECD613001EB2F8 /* Icon-50.png in Resources */ = {isa = PBXBuildFile; fileRef = 50EF62A117ECD613001EB2F8 /* Icon-50.png */; };
		521A8E6419F0C34300D177D7 /* Default-667h@2x.png in Resources */ = {isa = PBXBuildFile; fileRef = 521A8E6219F0C34300D177D7 /* Default-667h@2x.png */; };
		521A8E6519F0C34300D177D7 /* Default-736h@3x.png in Resources */ = {isa = PBXBuildFile; fileRef = 521A8E6319F0C34300D177D7 /* Default-736h@3x.png */; };
		52B47A471A53D09C004E4C60 /* Security.framework in Frameworks */ = {isa = PBXBuildFile; fileRef = 52B47A461A53D09B004E4C60 /* Security.framework */; };
		8015F04221F87F9700A57734 /* LAppSprite.cpp in Sources */ = {isa = PBXBuildFile; fileRef = 8015F04121F87F9700A57734 /* LAppSprite.cpp */; };
		8015F04321F87F9700A57734 /* LAppSprite.cpp in Sources */ = {isa = PBXBuildFile; fileRef = 8015F04121F87F9700A57734 /* LAppSprite.cpp */; };
		8063476621887BC20025E859 /* Haru in Resources */ = {isa = PBXBuildFile; fileRef = 8063476321887BC10025E859 /* Haru */; };
		8063476721887BC20025E859 /* Haru in Resources */ = {isa = PBXBuildFile; fileRef = 8063476321887BC10025E859 /* Haru */; };
		8063476821887BC20025E859 /* Hiyori in Resources */ = {isa = PBXBuildFile; fileRef = 8063476421887BC20025E859 /* Hiyori */; };
		8063476921887BC20025E859 /* Hiyori in Resources */ = {isa = PBXBuildFile; fileRef = 8063476421887BC20025E859 /* Hiyori */; };
		8063476A21887BC20025E859 /* Mark in Resources */ = {isa = PBXBuildFile; fileRef = 8063476521887BC20025E859 /* Mark */; };
		8063476B21887BC20025E859 /* Mark in Resources */ = {isa = PBXBuildFile; fileRef = 8063476521887BC20025E859 /* Mark */; };
		8063477221887BF00025E859 /* icon_gear.png in Resources */ = {isa = PBXBuildFile; fileRef = 8063476D21887BEF0025E859 /* icon_gear.png */; };
		8063477321887BF00025E859 /* icon_gear.png in Resources */ = {isa = PBXBuildFile; fileRef = 8063476D21887BEF0025E859 /* icon_gear.png */; };
		8063477621887BF00025E859 /* back_class_normal.png in Resources */ = {isa = PBXBuildFile; fileRef = 8063476F21887BEF0025E859 /* back_class_normal.png */; };
		8063477721887BF00025E859 /* back_class_normal.png in Resources */ = {isa = PBXBuildFile; fileRef = 8063476F21887BEF0025E859 /* back_class_normal.png */; };
		8083D7B5218B10D400BB8CB4 /* fonts in Resources */ = {isa = PBXBuildFile; fileRef = 8083D7B4218B10D400BB8CB4 /* fonts */; };
		8083D7B6218B10D400BB8CB4 /* fonts in Resources */ = {isa = PBXBuildFile; fileRef = 8083D7B4218B10D400BB8CB4 /* fonts */; };
		8083D7C5219577C900BB8CB4 /* CloseNormal.png in Resources */ = {isa = PBXBuildFile; fileRef = 8083D7C1219577C900BB8CB4 /* CloseNormal.png */; };
		8083D7C6219577C900BB8CB4 /* CloseNormal.png in Resources */ = {isa = PBXBuildFile; fileRef = 8083D7C1219577C900BB8CB4 /* CloseNormal.png */; };
		8083D7C8219577E300BB8CB4 /* CloseSelected.png in Resources */ = {isa = PBXBuildFile; fileRef = 8083D7C7219577E300BB8CB4 /* CloseSelected.png */; };
		8083D7C9219577E300BB8CB4 /* CloseSelected.png in Resources */ = {isa = PBXBuildFile; fileRef = 8083D7C7219577E300BB8CB4 /* CloseSelected.png */; };
		809EB2CF21D3816E00A50681 /* CubismOffscreenSurface_OpenGLES2.cpp in Sources */ = {isa = PBXBuildFile; fileRef = 809EB2CE21D3816E00A50681 /* CubismOffscreenSurface_OpenGLES2.cpp */; };
		809EB2D021D3816E00A50681 /* CubismOffscreenSurface_OpenGLES2.cpp in Sources */ = {isa = PBXBuildFile; fileRef = 809EB2CE21D3816E00A50681 /* CubismOffscreenSurface_OpenGLES2.cpp */; };
		80C8FE052248D5210018391B /* Natori in Resources */ = {isa = PBXBuildFile; fileRef = 80C8FE012248D5210018391B /* Natori */; };
		80C8FE062248D5210018391B /* Natori in Resources */ = {isa = PBXBuildFile; fileRef = 80C8FE012248D5210018391B /* Natori */; };
		8262943E1AAF051F00CB7CF7 /* Security.framework in Frameworks */ = {isa = PBXBuildFile; fileRef = 8262943D1AAF051F00CB7CF7 /* Security.framework */; };
		9711112320889DCB00D001F7 /* SampleScene.cpp in Sources */ = {isa = PBXBuildFile; fileRef = 9711111220889DC900D001F7 /* SampleScene.cpp */; };
		9711112420889DCB00D001F7 /* SampleScene.cpp in Sources */ = {isa = PBXBuildFile; fileRef = 9711111220889DC900D001F7 /* SampleScene.cpp */; };
		9711112520889DCB00D001F7 /* LAppDefine.cpp in Sources */ = {isa = PBXBuildFile; fileRef = 9711111420889DCA00D001F7 /* LAppDefine.cpp */; };
		9711112620889DCB00D001F7 /* LAppDefine.cpp in Sources */ = {isa = PBXBuildFile; fileRef = 9711111420889DCA00D001F7 /* LAppDefine.cpp */; };
		9711112720889DCB00D001F7 /* TouchManager.cpp in Sources */ = {isa = PBXBuildFile; fileRef = 9711111620889DCA00D001F7 /* TouchManager.cpp */; };
		9711112820889DCB00D001F7 /* TouchManager.cpp in Sources */ = {isa = PBXBuildFile; fileRef = 9711111620889DCA00D001F7 /* TouchManager.cpp */; };
		9711112920889DCB00D001F7 /* LAppModel.cpp in Sources */ = {isa = PBXBuildFile; fileRef = 9711111720889DCA00D001F7 /* LAppModel.cpp */; };
		9711112A20889DCB00D001F7 /* LAppModel.cpp in Sources */ = {isa = PBXBuildFile; fileRef = 9711111720889DCA00D001F7 /* LAppModel.cpp */; };
		9711112B20889DCB00D001F7 /* LAppLive2DManager.cpp in Sources */ = {isa = PBXBuildFile; fileRef = 9711111820889DCA00D001F7 /* LAppLive2DManager.cpp */; };
		9711112C20889DCB00D001F7 /* LAppLive2DManager.cpp in Sources */ = {isa = PBXBuildFile; fileRef = 9711111820889DCA00D001F7 /* LAppLive2DManager.cpp */; };
		9711112D20889DCB00D001F7 /* LAppPal.cpp in Sources */ = {isa = PBXBuildFile; fileRef = 9711111C20889DCA00D001F7 /* LAppPal.cpp */; };
		9711112E20889DCB00D001F7 /* LAppPal.cpp in Sources */ = {isa = PBXBuildFile; fileRef = 9711111C20889DCA00D001F7 /* LAppPal.cpp */; };
		9711112F20889DCB00D001F7 /* LAppAllocator.cpp in Sources */ = {isa = PBXBuildFile; fileRef = 9711111E20889DCA00D001F7 /* LAppAllocator.cpp */; };
		9711113020889DCB00D001F7 /* LAppAllocator.cpp in Sources */ = {isa = PBXBuildFile; fileRef = 9711111E20889DCA00D001F7 /* LAppAllocator.cpp */; };
		9711113120889DCB00D001F7 /* LAppView.cpp in Sources */ = {isa = PBXBuildFile; fileRef = 9711112120889DCB00D001F7 /* LAppView.cpp */; };
		9711113220889DCB00D001F7 /* LAppView.cpp in Sources */ = {isa = PBXBuildFile; fileRef = 9711112120889DCB00D001F7 /* LAppView.cpp */; };
		9711114B20889E3900D001F7 /* libcocos2d iOS.a in Frameworks */ = {isa = PBXBuildFile; fileRef = 9711114820889E1500D001F7 /* libcocos2d iOS.a */; };
		9711114C20889E3F00D001F7 /* libcocos2d Mac.a in Frameworks */ = {isa = PBXBuildFile; fileRef = 9711114620889E1500D001F7 /* libcocos2d Mac.a */; };
		9711116C2088A49B00D001F7 /* Live2DCubismCore.h in Sources */ = {isa = PBXBuildFile; fileRef = 9711116B2088A48D00D001F7 /* Live2DCubismCore.h */; };
		971111C72088A4AE00D001F7 /* CubismDefaultParameterId.cpp in Sources */ = {isa = PBXBuildFile; fileRef = 9711116E2088A4AE00D001F7 /* CubismDefaultParameterId.cpp */; };
		971111C82088A4AE00D001F7 /* CubismDefaultParameterId.cpp in Sources */ = {isa = PBXBuildFile; fileRef = 9711116E2088A4AE00D001F7 /* CubismDefaultParameterId.cpp */; };
		971111C92088A4AE00D001F7 /* CubismFramework.cpp in Sources */ = {isa = PBXBuildFile; fileRef = 971111702088A4AE00D001F7 /* CubismFramework.cpp */; };
		971111CA2088A4AE00D001F7 /* CubismFramework.cpp in Sources */ = {isa = PBXBuildFile; fileRef = 971111702088A4AE00D001F7 /* CubismFramework.cpp */; };
		971111CB2088A4AE00D001F7 /* CubismModelSettingJson.cpp in Sources */ = {isa = PBXBuildFile; fileRef = 971111732088A4AE00D001F7 /* CubismModelSettingJson.cpp */; };
		971111CC2088A4AE00D001F7 /* CubismModelSettingJson.cpp in Sources */ = {isa = PBXBuildFile; fileRef = 971111732088A4AE00D001F7 /* CubismModelSettingJson.cpp */; };
		971111CD2088A4AE00D001F7 /* CubismBreath.cpp in Sources */ = {isa = PBXBuildFile; fileRef = 971111762088A4AE00D001F7 /* CubismBreath.cpp */; };
		971111CE2088A4AE00D001F7 /* CubismBreath.cpp in Sources */ = {isa = PBXBuildFile; fileRef = 971111762088A4AE00D001F7 /* CubismBreath.cpp */; };
		971111CF2088A4AE00D001F7 /* CubismEyeBlink.cpp in Sources */ = {isa = PBXBuildFile; fileRef = 971111782088A4AE00D001F7 /* CubismEyeBlink.cpp */; };
		971111D02088A4AE00D001F7 /* CubismEyeBlink.cpp in Sources */ = {isa = PBXBuildFile; fileRef = 971111782088A4AE00D001F7 /* CubismEyeBlink.cpp */; };
		971111D12088A4AE00D001F7 /* CubismPose.cpp in Sources */ = {isa = PBXBuildFile; fileRef = 9711117A2088A4AE00D001F7 /* CubismPose.cpp */; };
		971111D22088A4AE00D001F7 /* CubismPose.cpp in Sources */ = {isa = PBXBuildFile; fileRef = 9711117A2088A4AE00D001F7 /* CubismPose.cpp */; };
		971111D32088A4AE00D001F7 /* CubismId.cpp in Sources */ = {isa = PBXBuildFile; fileRef = 9711117F2088A4AE00D001F7 /* CubismId.cpp */; };
		971111D42088A4AE00D001F7 /* CubismId.cpp in Sources */ = {isa = PBXBuildFile; fileRef = 9711117F2088A4AE00D001F7 /* CubismId.cpp */; };
		971111D52088A4AE00D001F7 /* CubismIdManager.cpp in Sources */ = {isa = PBXBuildFile; fileRef = 971111812088A4AE00D001F7 /* CubismIdManager.cpp */; };
		971111D62088A4AE00D001F7 /* CubismIdManager.cpp in Sources */ = {isa = PBXBuildFile; fileRef = 971111812088A4AE00D001F7 /* CubismIdManager.cpp */; };
		971111D72088A4AE00D001F7 /* CubismMath.cpp in Sources */ = {isa = PBXBuildFile; fileRef = 971111852088A4AE00D001F7 /* CubismMath.cpp */; };
		971111D82088A4AE00D001F7 /* CubismMath.cpp in Sources */ = {isa = PBXBuildFile; fileRef = 971111852088A4AE00D001F7 /* CubismMath.cpp */; };
		971111D92088A4AE00D001F7 /* CubismMatrix44.cpp in Sources */ = {isa = PBXBuildFile; fileRef = 971111872088A4AE00D001F7 /* CubismMatrix44.cpp */; };
		971111DA2088A4AE00D001F7 /* CubismMatrix44.cpp in Sources */ = {isa = PBXBuildFile; fileRef = 971111872088A4AE00D001F7 /* CubismMatrix44.cpp */; };
		971111DB2088A4AE00D001F7 /* CubismModelMatrix.cpp in Sources */ = {isa = PBXBuildFile; fileRef = 971111892088A4AE00D001F7 /* CubismModelMatrix.cpp */; };
		971111DC2088A4AE00D001F7 /* CubismModelMatrix.cpp in Sources */ = {isa = PBXBuildFile; fileRef = 971111892088A4AE00D001F7 /* CubismModelMatrix.cpp */; };
		971111DD2088A4AE00D001F7 /* CubismTargetPoint.cpp in Sources */ = {isa = PBXBuildFile; fileRef = 9711118B2088A4AE00D001F7 /* CubismTargetPoint.cpp */; };
		971111DE2088A4AE00D001F7 /* CubismTargetPoint.cpp in Sources */ = {isa = PBXBuildFile; fileRef = 9711118B2088A4AE00D001F7 /* CubismTargetPoint.cpp */; };
		971111DF2088A4AE00D001F7 /* CubismVector2.cpp in Sources */ = {isa = PBXBuildFile; fileRef = 9711118D2088A4AE00D001F7 /* CubismVector2.cpp */; };
		971111E02088A4AE00D001F7 /* CubismVector2.cpp in Sources */ = {isa = PBXBuildFile; fileRef = 9711118D2088A4AE00D001F7 /* CubismVector2.cpp */; };
		971111E12088A4AE00D001F7 /* CubismViewMatrix.cpp in Sources */ = {isa = PBXBuildFile; fileRef = 9711118F2088A4AE00D001F7 /* CubismViewMatrix.cpp */; };
		971111E22088A4AE00D001F7 /* CubismViewMatrix.cpp in Sources */ = {isa = PBXBuildFile; fileRef = 9711118F2088A4AE00D001F7 /* CubismViewMatrix.cpp */; };
		971111E32088A4AE00D001F7 /* CubismMoc.cpp in Sources */ = {isa = PBXBuildFile; fileRef = 971111922088A4AE00D001F7 /* CubismMoc.cpp */; };
		971111E42088A4AE00D001F7 /* CubismMoc.cpp in Sources */ = {isa = PBXBuildFile; fileRef = 971111922088A4AE00D001F7 /* CubismMoc.cpp */; };
		971111E52088A4AE00D001F7 /* CubismModel.cpp in Sources */ = {isa = PBXBuildFile; fileRef = 971111942088A4AE00D001F7 /* CubismModel.cpp */; };
		971111E62088A4AE00D001F7 /* CubismModel.cpp in Sources */ = {isa = PBXBuildFile; fileRef = 971111942088A4AE00D001F7 /* CubismModel.cpp */; };
		971111E72088A4AE00D001F7 /* CubismModelUserData.cpp in Sources */ = {isa = PBXBuildFile; fileRef = 971111962088A4AE00D001F7 /* CubismModelUserData.cpp */; };
		971111E82088A4AE00D001F7 /* CubismModelUserData.cpp in Sources */ = {isa = PBXBuildFile; fileRef = 971111962088A4AE00D001F7 /* CubismModelUserData.cpp */; };
		971111E92088A4AE00D001F7 /* CubismModelUserDataJson.cpp in Sources */ = {isa = PBXBuildFile; fileRef = 971111982088A4AE00D001F7 /* CubismModelUserDataJson.cpp */; };
		971111EA2088A4AE00D001F7 /* CubismModelUserDataJson.cpp in Sources */ = {isa = PBXBuildFile; fileRef = 971111982088A4AE00D001F7 /* CubismModelUserDataJson.cpp */; };
		971111EB2088A4AE00D001F7 /* CubismUserModel.cpp in Sources */ = {isa = PBXBuildFile; fileRef = 9711119A2088A4AE00D001F7 /* CubismUserModel.cpp */; };
		971111EC2088A4AE00D001F7 /* CubismUserModel.cpp in Sources */ = {isa = PBXBuildFile; fileRef = 9711119A2088A4AE00D001F7 /* CubismUserModel.cpp */; };
		971111ED2088A4AE00D001F7 /* ACubismMotion.cpp in Sources */ = {isa = PBXBuildFile; fileRef = 9711119D2088A4AE00D001F7 /* ACubismMotion.cpp */; };
		971111EE2088A4AE00D001F7 /* ACubismMotion.cpp in Sources */ = {isa = PBXBuildFile; fileRef = 9711119D2088A4AE00D001F7 /* ACubismMotion.cpp */; };
		971111EF2088A4AE00D001F7 /* CubismExpressionMotion.cpp in Sources */ = {isa = PBXBuildFile; fileRef = 9711119F2088A4AE00D001F7 /* CubismExpressionMotion.cpp */; };
		971111F02088A4AE00D001F7 /* CubismExpressionMotion.cpp in Sources */ = {isa = PBXBuildFile; fileRef = 9711119F2088A4AE00D001F7 /* CubismExpressionMotion.cpp */; };
		971111F12088A4AE00D001F7 /* CubismMotion.cpp in Sources */ = {isa = PBXBuildFile; fileRef = 971111A12088A4AE00D001F7 /* CubismMotion.cpp */; };
		971111F22088A4AE00D001F7 /* CubismMotion.cpp in Sources */ = {isa = PBXBuildFile; fileRef = 971111A12088A4AE00D001F7 /* CubismMotion.cpp */; };
		971111F32088A4AF00D001F7 /* CubismMotionJson.cpp in Sources */ = {isa = PBXBuildFile; fileRef = 971111A42088A4AE00D001F7 /* CubismMotionJson.cpp */; };
		971111F42088A4AF00D001F7 /* CubismMotionJson.cpp in Sources */ = {isa = PBXBuildFile; fileRef = 971111A42088A4AE00D001F7 /* CubismMotionJson.cpp */; };
		971111F52088A4AF00D001F7 /* CubismMotionManager.cpp in Sources */ = {isa = PBXBuildFile; fileRef = 971111A62088A4AE00D001F7 /* CubismMotionManager.cpp */; };
		971111F62088A4AF00D001F7 /* CubismMotionManager.cpp in Sources */ = {isa = PBXBuildFile; fileRef = 971111A62088A4AE00D001F7 /* CubismMotionManager.cpp */; };
		971111F72088A4AF00D001F7 /* CubismMotionQueueEntry.cpp in Sources */ = {isa = PBXBuildFile; fileRef = 971111A82088A4AE00D001F7 /* CubismMotionQueueEntry.cpp */; };
		971111F82088A4AF00D001F7 /* CubismMotionQueueEntry.cpp in Sources */ = {isa = PBXBuildFile; fileRef = 971111A82088A4AE00D001F7 /* CubismMotionQueueEntry.cpp */; };
		971111F92088A4AF00D001F7 /* CubismMotionQueueManager.cpp in Sources */ = {isa = PBXBuildFile; fileRef = 971111AA2088A4AE00D001F7 /* CubismMotionQueueManager.cpp */; };
		971111FA2088A4AF00D001F7 /* CubismMotionQueueManager.cpp in Sources */ = {isa = PBXBuildFile; fileRef = 971111AA2088A4AE00D001F7 /* CubismMotionQueueManager.cpp */; };
		971111FB2088A4AF00D001F7 /* CubismPhysics.cpp in Sources */ = {isa = PBXBuildFile; fileRef = 971111AD2088A4AE00D001F7 /* CubismPhysics.cpp */; };
		971111FC2088A4AF00D001F7 /* CubismPhysics.cpp in Sources */ = {isa = PBXBuildFile; fileRef = 971111AD2088A4AE00D001F7 /* CubismPhysics.cpp */; };
		971111FD2088A4AF00D001F7 /* CubismPhysicsJson.cpp in Sources */ = {isa = PBXBuildFile; fileRef = 971111B02088A4AE00D001F7 /* CubismPhysicsJson.cpp */; };
		971111FE2088A4AF00D001F7 /* CubismPhysicsJson.cpp in Sources */ = {isa = PBXBuildFile; fileRef = 971111B02088A4AE00D001F7 /* CubismPhysicsJson.cpp */; };
		971111FF2088A4AF00D001F7 /* CubismRenderer.cpp in Sources */ = {isa = PBXBuildFile; fileRef = 971111B32088A4AE00D001F7 /* CubismRenderer.cpp */; };
		971112002088A4AF00D001F7 /* CubismRenderer.cpp in Sources */ = {isa = PBXBuildFile; fileRef = 971111B32088A4AE00D001F7 /* CubismRenderer.cpp */; };
		971112012088A4AF00D001F7 /* CubismRenderer_OpenGLES2.cpp in Sources */ = {isa = PBXBuildFile; fileRef = 971111B62088A4AE00D001F7 /* CubismRenderer_OpenGLES2.cpp */; };
		971112022088A4AF00D001F7 /* CubismRenderer_OpenGLES2.cpp in Sources */ = {isa = PBXBuildFile; fileRef = 971111B62088A4AE00D001F7 /* CubismRenderer_OpenGLES2.cpp */; };
		971112032088A4AF00D001F7 /* csmRectF.cpp in Sources */ = {isa = PBXBuildFile; fileRef = 971111BA2088A4AE00D001F7 /* csmRectF.cpp */; };
		971112042088A4AF00D001F7 /* csmRectF.cpp in Sources */ = {isa = PBXBuildFile; fileRef = 971111BA2088A4AE00D001F7 /* csmRectF.cpp */; };
		971112052088A4AF00D001F7 /* csmString.cpp in Sources */ = {isa = PBXBuildFile; fileRef = 971111BC2088A4AE00D001F7 /* csmString.cpp */; };
		971112062088A4AF00D001F7 /* csmString.cpp in Sources */ = {isa = PBXBuildFile; fileRef = 971111BC2088A4AE00D001F7 /* csmString.cpp */; };
		971112072088A4AF00D001F7 /* CubismDebug.cpp in Sources */ = {isa = PBXBuildFile; fileRef = 971111C12088A4AE00D001F7 /* CubismDebug.cpp */; };
		971112082088A4AF00D001F7 /* CubismDebug.cpp in Sources */ = {isa = PBXBuildFile; fileRef = 971111C12088A4AE00D001F7 /* CubismDebug.cpp */; };
		971112092088A4AF00D001F7 /* CubismJson.cpp in Sources */ = {isa = PBXBuildFile; fileRef = 971111C32088A4AE00D001F7 /* CubismJson.cpp */; };
		9711120A2088A4AF00D001F7 /* CubismJson.cpp in Sources */ = {isa = PBXBuildFile; fileRef = 971111C32088A4AE00D001F7 /* CubismJson.cpp */; };
		9711120B2088A4AF00D001F7 /* CubismString.cpp in Sources */ = {isa = PBXBuildFile; fileRef = 971111C52088A4AE00D001F7 /* CubismString.cpp */; };
		9711120C2088A4AF00D001F7 /* CubismString.cpp in Sources */ = {isa = PBXBuildFile; fileRef = 971111C52088A4AE00D001F7 /* CubismString.cpp */; };
		AC6D13F72318F58E0079F158 /* Rice in Resources */ = {isa = PBXBuildFile; fileRef = AC6D13F62318F58E0079F158 /* Rice */; };
		AC6D13F82318F58E0079F158 /* Rice in Resources */ = {isa = PBXBuildFile; fileRef = AC6D13F62318F58E0079F158 /* Rice */; };
		BF171245129291EC00B8313A /* OpenGLES.framework in Frameworks */ = {isa = PBXBuildFile; fileRef = BF170DB012928DE900B8313A /* OpenGLES.framework */; };
		BF1712471292920000B8313A /* libz.dylib in Frameworks */ = {isa = PBXBuildFile; fileRef = BF170DB412928DE900B8313A /* libz.dylib */; };
		BF1C47F01293687400B63C5D /* QuartzCore.framework in Frameworks */ = {isa = PBXBuildFile; fileRef = BF1C47EA1293683800B63C5D /* QuartzCore.framework */; };
		D44C620C132DFF330009C878 /* OpenAL.framework in Frameworks */ = {isa = PBXBuildFile; fileRef = D44C620B132DFF330009C878 /* OpenAL.framework */; };
		D44C620E132DFF430009C878 /* AVFoundation.framework in Frameworks */ = {isa = PBXBuildFile; fileRef = D44C620D132DFF430009C878 /* AVFoundation.framework */; };
		D44C6210132DFF4E0009C878 /* AudioToolbox.framework in Frameworks */ = {isa = PBXBuildFile; fileRef = D44C620F132DFF4E0009C878 /* AudioToolbox.framework */; };
		D6B0611B1803AB670077942B /* CoreMotion.framework in Frameworks */ = {isa = PBXBuildFile; fileRef = D6B0611A1803AB670077942B /* CoreMotion.framework */; };
		ED545A7C1B68A1F400C3958E /* libiconv.dylib in Frameworks */ = {isa = PBXBuildFile; fileRef = ED545A7B1B68A1F400C3958E /* libiconv.dylib */; };
		ED545A7E1B68A1FA00C3958E /* libiconv.dylib in Frameworks */ = {isa = PBXBuildFile; fileRef = ED545A7D1B68A1FA00C3958E /* libiconv.dylib */; };
/* End PBXBuildFile section */

/* Begin PBXContainerItemProxy section */
		9711114520889E1500D001F7 /* PBXContainerItemProxy */ = {
			isa = PBXContainerItemProxy;
			containerPortal = 9711113F20889E1500D001F7 /* cocos2d_libs.xcodeproj */;
			proxyType = 2;
			remoteGlobalIDString = 1551A33F158F2AB200E66CFE;
			remoteInfo = "libcocos2d Mac";
		};
		9711114720889E1500D001F7 /* PBXContainerItemProxy */ = {
			isa = PBXContainerItemProxy;
			containerPortal = 9711113F20889E1500D001F7 /* cocos2d_libs.xcodeproj */;
			proxyType = 2;
			remoteGlobalIDString = A07A4D641783777C0073F6A7;
			remoteInfo = "libcocos2d iOS";
		};
		9711114920889E1500D001F7 /* PBXContainerItemProxy */ = {
			isa = PBXContainerItemProxy;
			containerPortal = 9711113F20889E1500D001F7 /* cocos2d_libs.xcodeproj */;
			proxyType = 2;
			remoteGlobalIDString = 507B40FD1C31BDD30067B53E;
			remoteInfo = "libcocos2d tvOS";
		};
/* End PBXContainerItemProxy section */

/* Begin PBXFileReference section */
		1ACB3243164770DE00914215 /* libcurl.a */ = {isa = PBXFileReference; lastKnownFileType = archive.ar; name = libcurl.a; path = ../../cocos2dx/platform/third_party/ios/libraries/libcurl.a; sourceTree = "<group>"; };
		1D30AB110D05D00D00671497 /* Foundation.framework */ = {isa = PBXFileReference; lastKnownFileType = wrapper.framework; name = Foundation.framework; path = System/Library/Frameworks/Foundation.framework; sourceTree = SDKROOT; };
		1D6058910D05DD3D006BFB54 /* Demo-mobile.app */ = {isa = PBXFileReference; explicitFileType = wrapper.application; includeInIndex = 0; path = "Demo-mobile.app"; sourceTree = BUILT_PRODUCTS_DIR; };
		1DF5F4DF0D08C38300B7A737 /* UIKit.framework */ = {isa = PBXFileReference; lastKnownFileType = wrapper.framework; name = UIKit.framework; path = System/Library/Frameworks/UIKit.framework; sourceTree = SDKROOT; };
		288765A40DF7441C002DB57D /* CoreGraphics.framework */ = {isa = PBXFileReference; lastKnownFileType = wrapper.framework; name = CoreGraphics.framework; path = System/Library/Frameworks/CoreGraphics.framework; sourceTree = SDKROOT; };
		294D0D631D0D56D500F7F5D4 /* CoreText.framework */ = {isa = PBXFileReference; lastKnownFileType = wrapper.framework; name = CoreText.framework; path = Platforms/iPhoneOS.platform/Developer/SDKs/iPhoneOS.sdk/System/Library/Frameworks/CoreText.framework; sourceTree = DEVELOPER_DIR; };
		46880B8419C43A87006E1F66 /* AppDelegate.cpp */ = {isa = PBXFileReference; fileEncoding = 4; lastKnownFileType = sourcecode.cpp.cpp; path = AppDelegate.cpp; sourceTree = "<group>"; };
		46880B8519C43A87006E1F66 /* AppDelegate.h */ = {isa = PBXFileReference; fileEncoding = 4; lastKnownFileType = sourcecode.c.h; path = AppDelegate.h; sourceTree = "<group>"; };
		503AE0F617EB97AB00D1A890 /* Icon.icns */ = {isa = PBXFileReference; lastKnownFileType = image.icns; path = Icon.icns; sourceTree = "<group>"; };
		503AE0F717EB97AB00D1A890 /* Info.plist */ = {isa = PBXFileReference; fileEncoding = 4; lastKnownFileType = text.plist.xml; path = Info.plist; sourceTree = "<group>"; };
		503AE0FA17EB989F00D1A890 /* AppController.h */ = {isa = PBXFileReference; fileEncoding = 4; lastKnownFileType = sourcecode.c.h; name = AppController.h; path = ios/AppController.h; sourceTree = SOURCE_ROOT; };
		503AE0FB17EB989F00D1A890 /* AppController.mm */ = {isa = PBXFileReference; fileEncoding = 4; lastKnownFileType = sourcecode.cpp.objcpp; name = AppController.mm; path = ios/AppController.mm; sourceTree = SOURCE_ROOT; };
		503AE0FC17EB989F00D1A890 /* main.m */ = {isa = PBXFileReference; fileEncoding = 4; lastKnownFileType = sourcecode.c.objc; name = main.m; path = ios/main.m; sourceTree = SOURCE_ROOT; };
		503AE0FD17EB989F00D1A890 /* Prefix.pch */ = {isa = PBXFileReference; fileEncoding = 4; lastKnownFileType = sourcecode.c.h; name = Prefix.pch; path = ios/Prefix.pch; sourceTree = SOURCE_ROOT; };
		503AE0FE17EB989F00D1A890 /* RootViewController.h */ = {isa = PBXFileReference; fileEncoding = 4; lastKnownFileType = sourcecode.c.h; name = RootViewController.h; path = ios/RootViewController.h; sourceTree = SOURCE_ROOT; };
		503AE0FF17EB989F00D1A890 /* RootViewController.mm */ = {isa = PBXFileReference; fileEncoding = 4; lastKnownFileType = sourcecode.cpp.objcpp; name = RootViewController.mm; path = ios/RootViewController.mm; sourceTree = SOURCE_ROOT; };
		503AE10317EB98FF00D1A890 /* main.cpp */ = {isa = PBXFileReference; fileEncoding = 4; lastKnownFileType = sourcecode.cpp.cpp; name = main.cpp; path = mac/main.cpp; sourceTree = "<group>"; };
		503AE10417EB98FF00D1A890 /* Prefix.pch */ = {isa = PBXFileReference; fileEncoding = 4; lastKnownFileType = sourcecode.c.h; name = Prefix.pch; path = mac/Prefix.pch; sourceTree = "<group>"; };
		503AE11117EB99EE00D1A890 /* libcurl.dylib */ = {isa = PBXFileReference; lastKnownFileType = "compiled.mach-o.dylib"; name = libcurl.dylib; path = usr/lib/libcurl.dylib; sourceTree = SDKROOT; };
		503AE11A17EB9C5A00D1A890 /* IOKit.framework */ = {isa = PBXFileReference; lastKnownFileType = wrapper.framework; name = IOKit.framework; path = System/Library/Frameworks/IOKit.framework; sourceTree = SDKROOT; };
		5087E76F17EB910900C73F5D /* Demo-desktop.app */ = {isa = PBXFileReference; explicitFileType = wrapper.application; includeInIndex = 0; path = "Demo-desktop.app"; sourceTree = BUILT_PRODUCTS_DIR; };
		5087E77217EB970100C73F5D /* Default-568h@2x.png */ = {isa = PBXFileReference; lastKnownFileType = image.png; path = "Default-568h@2x.png"; sourceTree = "<group>"; };
		5087E77317EB970100C73F5D /* Default.png */ = {isa = PBXFileReference; lastKnownFileType = image.png; path = Default.png; sourceTree = "<group>"; };
		5087E77417EB970100C73F5D /* Default@2x.png */ = {isa = PBXFileReference; lastKnownFileType = image.png; path = "Default@2x.png"; sourceTree = "<group>"; };
		5087E77517EB970100C73F5D /* Icon-114.png */ = {isa = PBXFileReference; lastKnownFileType = image.png; path = "Icon-114.png"; sourceTree = "<group>"; };
		5087E77617EB970100C73F5D /* Icon-120.png */ = {isa = PBXFileReference; lastKnownFileType = image.png; path = "Icon-120.png"; sourceTree = "<group>"; };
		5087E77717EB970100C73F5D /* Icon-144.png */ = {isa = PBXFileReference; lastKnownFileType = image.png; path = "Icon-144.png"; sourceTree = "<group>"; };
		5087E77817EB970100C73F5D /* Icon-152.png */ = {isa = PBXFileReference; lastKnownFileType = image.png; path = "Icon-152.png"; sourceTree = "<group>"; };
		5087E77917EB970100C73F5D /* Icon-57.png */ = {isa = PBXFileReference; lastKnownFileType = image.png; path = "Icon-57.png"; sourceTree = "<group>"; };
		5087E77A17EB970100C73F5D /* Icon-72.png */ = {isa = PBXFileReference; lastKnownFileType = image.png; path = "Icon-72.png"; sourceTree = "<group>"; };
		5087E77B17EB970100C73F5D /* Icon-76.png */ = {isa = PBXFileReference; lastKnownFileType = image.png; path = "Icon-76.png"; sourceTree = "<group>"; };
		5087E77C17EB970100C73F5D /* Info.plist */ = {isa = PBXFileReference; fileEncoding = 4; lastKnownFileType = text.plist.xml; path = Info.plist; sourceTree = "<group>"; };
		5087E78817EB974C00C73F5D /* AppKit.framework */ = {isa = PBXFileReference; lastKnownFileType = wrapper.framework; name = AppKit.framework; path = System/Library/Frameworks/AppKit.framework; sourceTree = SDKROOT; };
		5087E78A17EB975400C73F5D /* OpenGL.framework */ = {isa = PBXFileReference; lastKnownFileType = wrapper.framework; name = OpenGL.framework; path = System/Library/Frameworks/OpenGL.framework; sourceTree = SDKROOT; };
		50EF629217ECD46A001EB2F8 /* Icon-40.png */ = {isa = PBXFileReference; lastKnownFileType = image.png; path = "Icon-40.png"; sourceTree = "<group>"; };
		50EF629317ECD46A001EB2F8 /* Icon-58.png */ = {isa = PBXFileReference; lastKnownFileType = image.png; path = "Icon-58.png"; sourceTree = "<group>"; };
		50EF629417ECD46A001EB2F8 /* Icon-80.png */ = {isa = PBXFileReference; lastKnownFileType = image.png; path = "Icon-80.png"; sourceTree = "<group>"; };
		50EF629517ECD46A001EB2F8 /* Icon-100.png */ = {isa = PBXFileReference; lastKnownFileType = image.png; path = "Icon-100.png"; sourceTree = "<group>"; };
		50EF62A017ECD613001EB2F8 /* Icon-29.png */ = {isa = PBXFileReference; lastKnownFileType = image.png; path = "Icon-29.png"; sourceTree = "<group>"; };
		50EF62A117ECD613001EB2F8 /* Icon-50.png */ = {isa = PBXFileReference; lastKnownFileType = image.png; path = "Icon-50.png"; sourceTree = "<group>"; };
		521A8E6219F0C34300D177D7 /* Default-667h@2x.png */ = {isa = PBXFileReference; lastKnownFileType = image.png; path = "Default-667h@2x.png"; sourceTree = "<group>"; };
		521A8E6319F0C34300D177D7 /* Default-736h@3x.png */ = {isa = PBXFileReference; lastKnownFileType = image.png; path = "Default-736h@3x.png"; sourceTree = "<group>"; };
		52B47A461A53D09B004E4C60 /* Security.framework */ = {isa = PBXFileReference; lastKnownFileType = wrapper.framework; name = Security.framework; path = Platforms/iPhoneOS.platform/Developer/SDKs/iPhoneOS.sdk/System/Library/Frameworks/Security.framework; sourceTree = DEVELOPER_DIR; };
		8015F03D21F87F9700A57734 /* LAppSprite.hpp */ = {isa = PBXFileReference; fileEncoding = 4; lastKnownFileType = sourcecode.cpp.h; path = LAppSprite.hpp; sourceTree = "<group>"; };
		8015F04121F87F9700A57734 /* LAppSprite.cpp */ = {isa = PBXFileReference; fileEncoding = 4; lastKnownFileType = sourcecode.cpp.cpp; path = LAppSprite.cpp; sourceTree = "<group>"; };
		8063476321887BC10025E859 /* Haru */ = {isa = PBXFileReference; lastKnownFileType = folder; path = Haru; sourceTree = "<group>"; };
		8063476421887BC20025E859 /* Hiyori */ = {isa = PBXFileReference; lastKnownFileType = folder; path = Hiyori; sourceTree = "<group>"; };
		8063476521887BC20025E859 /* Mark */ = {isa = PBXFileReference; lastKnownFileType = folder; path = Mark; sourceTree = "<group>"; };
		8063476D21887BEF0025E859 /* icon_gear.png */ = {isa = PBXFileReference; lastKnownFileType = image.png; path = icon_gear.png; sourceTree = "<group>"; };
		8063476F21887BEF0025E859 /* back_class_normal.png */ = {isa = PBXFileReference; lastKnownFileType = image.png; path = back_class_normal.png; sourceTree = "<group>"; };
		8083D7B4218B10D400BB8CB4 /* fonts */ = {isa = PBXFileReference; lastKnownFileType = folder; path = fonts; sourceTree = "<group>"; };
		8083D7C1219577C900BB8CB4 /* CloseNormal.png */ = {isa = PBXFileReference; lastKnownFileType = image.png; path = CloseNormal.png; sourceTree = "<group>"; };
		8083D7C7219577E300BB8CB4 /* CloseSelected.png */ = {isa = PBXFileReference; lastKnownFileType = image.png; path = CloseSelected.png; sourceTree = "<group>"; };
		809EB2CD21D3816E00A50681 /* CubismOffscreenSurface_OpenGLES2.hpp */ = {isa = PBXFileReference; fileEncoding = 4; lastKnownFileType = sourcecode.cpp.h; path = CubismOffscreenSurface_OpenGLES2.hpp; sourceTree = "<group>"; };
		809EB2CE21D3816E00A50681 /* CubismOffscreenSurface_OpenGLES2.cpp */ = {isa = PBXFileReference; fileEncoding = 4; lastKnownFileType = sourcecode.cpp.cpp; path = CubismOffscreenSurface_OpenGLES2.cpp; sourceTree = "<group>"; };
		80C8FE012248D5210018391B /* Natori */ = {isa = PBXFileReference; lastKnownFileType = folder; path = Natori; sourceTree = "<group>"; };
		8262943D1AAF051F00CB7CF7 /* Security.framework */ = {isa = PBXFileReference; lastKnownFileType = wrapper.framework; name = Security.framework; path = System/Library/Frameworks/Security.framework; sourceTree = SDKROOT; };
		9711111220889DC900D001F7 /* SampleScene.cpp */ = {isa = PBXFileReference; fileEncoding = 4; lastKnownFileType = sourcecode.cpp.cpp; path = SampleScene.cpp; sourceTree = "<group>"; };
		9711111320889DCA00D001F7 /* LAppDefine.hpp */ = {isa = PBXFileReference; fileEncoding = 4; lastKnownFileType = sourcecode.cpp.h; path = LAppDefine.hpp; sourceTree = "<group>"; };
		9711111420889DCA00D001F7 /* LAppDefine.cpp */ = {isa = PBXFileReference; fileEncoding = 4; lastKnownFileType = sourcecode.cpp.cpp; path = LAppDefine.cpp; sourceTree = "<group>"; };
		9711111520889DCA00D001F7 /* LAppAllocator.hpp */ = {isa = PBXFileReference; fileEncoding = 4; lastKnownFileType = sourcecode.cpp.h; path = LAppAllocator.hpp; sourceTree = "<group>"; };
		9711111620889DCA00D001F7 /* TouchManager.cpp */ = {isa = PBXFileReference; fileEncoding = 4; lastKnownFileType = sourcecode.cpp.cpp; path = TouchManager.cpp; sourceTree = "<group>"; };
		9711111720889DCA00D001F7 /* LAppModel.cpp */ = {isa = PBXFileReference; fileEncoding = 4; lastKnownFileType = sourcecode.cpp.cpp; path = LAppModel.cpp; sourceTree = "<group>"; };
		9711111820889DCA00D001F7 /* LAppLive2DManager.cpp */ = {isa = PBXFileReference; fileEncoding = 4; lastKnownFileType = sourcecode.cpp.cpp; path = LAppLive2DManager.cpp; sourceTree = "<group>"; };
		9711111920889DCA00D001F7 /* LAppView.hpp */ = {isa = PBXFileReference; fileEncoding = 4; lastKnownFileType = sourcecode.cpp.h; path = LAppView.hpp; sourceTree = "<group>"; };
		9711111A20889DCA00D001F7 /* LAppLive2DManager.hpp */ = {isa = PBXFileReference; fileEncoding = 4; lastKnownFileType = sourcecode.cpp.h; path = LAppLive2DManager.hpp; sourceTree = "<group>"; };
		9711111B20889DCA00D001F7 /* LAppModel.hpp */ = {isa = PBXFileReference; fileEncoding = 4; lastKnownFileType = sourcecode.cpp.h; path = LAppModel.hpp; sourceTree = "<group>"; };
		9711111C20889DCA00D001F7 /* LAppPal.cpp */ = {isa = PBXFileReference; fileEncoding = 4; lastKnownFileType = sourcecode.cpp.cpp; path = LAppPal.cpp; sourceTree = "<group>"; };
		9711111D20889DCA00D001F7 /* TouchManager.h */ = {isa = PBXFileReference; fileEncoding = 4; lastKnownFileType = sourcecode.c.h; path = TouchManager.h; sourceTree = "<group>"; };
		9711111E20889DCA00D001F7 /* LAppAllocator.cpp */ = {isa = PBXFileReference; fileEncoding = 4; lastKnownFileType = sourcecode.cpp.cpp; path = LAppAllocator.cpp; sourceTree = "<group>"; };
		9711111F20889DCA00D001F7 /* AppMacros.h */ = {isa = PBXFileReference; fileEncoding = 4; lastKnownFileType = sourcecode.c.h; path = AppMacros.h; sourceTree = "<group>"; };
		9711112020889DCB00D001F7 /* SampleScene.h */ = {isa = PBXFileReference; fileEncoding = 4; lastKnownFileType = sourcecode.c.h; path = SampleScene.h; sourceTree = "<group>"; };
		9711112120889DCB00D001F7 /* LAppView.cpp */ = {isa = PBXFileReference; fileEncoding = 4; lastKnownFileType = sourcecode.cpp.cpp; path = LAppView.cpp; sourceTree = "<group>"; };
		9711112220889DCB00D001F7 /* LAppPal.hpp */ = {isa = PBXFileReference; fileEncoding = 4; lastKnownFileType = sourcecode.cpp.h; path = LAppPal.hpp; sourceTree = "<group>"; };
		9711113F20889E1500D001F7 /* cocos2d_libs.xcodeproj */ = {isa = PBXFileReference; lastKnownFileType = "wrapper.pb-project"; name = cocos2d_libs.xcodeproj; path = ../../cocos2d/build/cocos2d_libs.xcodeproj; sourceTree = "<group>"; };
		9711116B2088A48D00D001F7 /* Live2DCubismCore.h */ = {isa = PBXFileReference; fileEncoding = 4; lastKnownFileType = sourcecode.c.h; path = Live2DCubismCore.h; sourceTree = "<group>"; };
		9711116E2088A4AE00D001F7 /* CubismDefaultParameterId.cpp */ = {isa = PBXFileReference; fileEncoding = 4; lastKnownFileType = sourcecode.cpp.cpp; path = CubismDefaultParameterId.cpp; sourceTree = "<group>"; };
		9711116F2088A4AE00D001F7 /* CubismDefaultParameterId.hpp */ = {isa = PBXFileReference; fileEncoding = 4; lastKnownFileType = sourcecode.cpp.h; path = CubismDefaultParameterId.hpp; sourceTree = "<group>"; };
		971111702088A4AE00D001F7 /* CubismFramework.cpp */ = {isa = PBXFileReference; fileEncoding = 4; lastKnownFileType = sourcecode.cpp.cpp; path = CubismFramework.cpp; sourceTree = "<group>"; };
		971111712088A4AE00D001F7 /* CubismFramework.hpp */ = {isa = PBXFileReference; fileEncoding = 4; lastKnownFileType = sourcecode.cpp.h; path = CubismFramework.hpp; sourceTree = "<group>"; };
		971111722088A4AE00D001F7 /* CubismFrameworkConfig.hpp */ = {isa = PBXFileReference; fileEncoding = 4; lastKnownFileType = sourcecode.cpp.h; path = CubismFrameworkConfig.hpp; sourceTree = "<group>"; };
		971111732088A4AE00D001F7 /* CubismModelSettingJson.cpp */ = {isa = PBXFileReference; fileEncoding = 4; lastKnownFileType = sourcecode.cpp.cpp; path = CubismModelSettingJson.cpp; sourceTree = "<group>"; };
		971111742088A4AE00D001F7 /* CubismModelSettingJson.hpp */ = {isa = PBXFileReference; fileEncoding = 4; lastKnownFileType = sourcecode.cpp.h; path = CubismModelSettingJson.hpp; sourceTree = "<group>"; };
		971111762088A4AE00D001F7 /* CubismBreath.cpp */ = {isa = PBXFileReference; fileEncoding = 4; lastKnownFileType = sourcecode.cpp.cpp; path = CubismBreath.cpp; sourceTree = "<group>"; };
		971111772088A4AE00D001F7 /* CubismBreath.hpp */ = {isa = PBXFileReference; fileEncoding = 4; lastKnownFileType = sourcecode.cpp.h; path = CubismBreath.hpp; sourceTree = "<group>"; };
		971111782088A4AE00D001F7 /* CubismEyeBlink.cpp */ = {isa = PBXFileReference; fileEncoding = 4; lastKnownFileType = sourcecode.cpp.cpp; path = CubismEyeBlink.cpp; sourceTree = "<group>"; };
		971111792088A4AE00D001F7 /* CubismEyeBlink.hpp */ = {isa = PBXFileReference; fileEncoding = 4; lastKnownFileType = sourcecode.cpp.h; path = CubismEyeBlink.hpp; sourceTree = "<group>"; };
		9711117A2088A4AE00D001F7 /* CubismPose.cpp */ = {isa = PBXFileReference; fileEncoding = 4; lastKnownFileType = sourcecode.cpp.cpp; path = CubismPose.cpp; sourceTree = "<group>"; };
		9711117B2088A4AE00D001F7 /* CubismPose.hpp */ = {isa = PBXFileReference; fileEncoding = 4; lastKnownFileType = sourcecode.cpp.h; path = CubismPose.hpp; sourceTree = "<group>"; };
		9711117C2088A4AE00D001F7 /* ICubismAllocator.hpp */ = {isa = PBXFileReference; fileEncoding = 4; lastKnownFileType = sourcecode.cpp.h; path = ICubismAllocator.hpp; sourceTree = "<group>"; };
		9711117D2088A4AE00D001F7 /* ICubismModelSetting.hpp */ = {isa = PBXFileReference; fileEncoding = 4; lastKnownFileType = sourcecode.cpp.h; path = ICubismModelSetting.hpp; sourceTree = "<group>"; };
		9711117F2088A4AE00D001F7 /* CubismId.cpp */ = {isa = PBXFileReference; fileEncoding = 4; lastKnownFileType = sourcecode.cpp.cpp; path = CubismId.cpp; sourceTree = "<group>"; };
		971111802088A4AE00D001F7 /* CubismId.hpp */ = {isa = PBXFileReference; fileEncoding = 4; lastKnownFileType = sourcecode.cpp.h; path = CubismId.hpp; sourceTree = "<group>"; };
		971111812088A4AE00D001F7 /* CubismIdManager.cpp */ = {isa = PBXFileReference; fileEncoding = 4; lastKnownFileType = sourcecode.cpp.cpp; path = CubismIdManager.cpp; sourceTree = "<group>"; };
		971111822088A4AE00D001F7 /* CubismIdManager.hpp */ = {isa = PBXFileReference; fileEncoding = 4; lastKnownFileType = sourcecode.cpp.h; path = CubismIdManager.hpp; sourceTree = "<group>"; };
		971111832088A4AE00D001F7 /* Live2DCubismCore.hpp */ = {isa = PBXFileReference; fileEncoding = 4; lastKnownFileType = sourcecode.cpp.h; path = Live2DCubismCore.hpp; sourceTree = "<group>"; };
		971111852088A4AE00D001F7 /* CubismMath.cpp */ = {isa = PBXFileReference; fileEncoding = 4; lastKnownFileType = sourcecode.cpp.cpp; path = CubismMath.cpp; sourceTree = "<group>"; };
		971111862088A4AE00D001F7 /* CubismMath.hpp */ = {isa = PBXFileReference; fileEncoding = 4; lastKnownFileType = sourcecode.cpp.h; path = CubismMath.hpp; sourceTree = "<group>"; };
		971111872088A4AE00D001F7 /* CubismMatrix44.cpp */ = {isa = PBXFileReference; fileEncoding = 4; lastKnownFileType = sourcecode.cpp.cpp; path = CubismMatrix44.cpp; sourceTree = "<group>"; };
		971111882088A4AE00D001F7 /* CubismMatrix44.hpp */ = {isa = PBXFileReference; fileEncoding = 4; lastKnownFileType = sourcecode.cpp.h; path = CubismMatrix44.hpp; sourceTree = "<group>"; };
		971111892088A4AE00D001F7 /* CubismModelMatrix.cpp */ = {isa = PBXFileReference; fileEncoding = 4; lastKnownFileType = sourcecode.cpp.cpp; path = CubismModelMatrix.cpp; sourceTree = "<group>"; };
		9711118A2088A4AE00D001F7 /* CubismModelMatrix.hpp */ = {isa = PBXFileReference; fileEncoding = 4; lastKnownFileType = sourcecode.cpp.h; path = CubismModelMatrix.hpp; sourceTree = "<group>"; };
		9711118B2088A4AE00D001F7 /* CubismTargetPoint.cpp */ = {isa = PBXFileReference; fileEncoding = 4; lastKnownFileType = sourcecode.cpp.cpp; path = CubismTargetPoint.cpp; sourceTree = "<group>"; };
		9711118C2088A4AE00D001F7 /* CubismTargetPoint.hpp */ = {isa = PBXFileReference; fileEncoding = 4; lastKnownFileType = sourcecode.cpp.h; path = CubismTargetPoint.hpp; sourceTree = "<group>"; };
		9711118D2088A4AE00D001F7 /* CubismVector2.cpp */ = {isa = PBXFileReference; fileEncoding = 4; lastKnownFileType = sourcecode.cpp.cpp; path = CubismVector2.cpp; sourceTree = "<group>"; };
		9711118E2088A4AE00D001F7 /* CubismVector2.hpp */ = {isa = PBXFileReference; fileEncoding = 4; lastKnownFileType = sourcecode.cpp.h; path = CubismVector2.hpp; sourceTree = "<group>"; };
		9711118F2088A4AE00D001F7 /* CubismViewMatrix.cpp */ = {isa = PBXFileReference; fileEncoding = 4; lastKnownFileType = sourcecode.cpp.cpp; path = CubismViewMatrix.cpp; sourceTree = "<group>"; };
		971111902088A4AE00D001F7 /* CubismViewMatrix.hpp */ = {isa = PBXFileReference; fileEncoding = 4; lastKnownFileType = sourcecode.cpp.h; path = CubismViewMatrix.hpp; sourceTree = "<group>"; };
		971111922088A4AE00D001F7 /* CubismMoc.cpp */ = {isa = PBXFileReference; fileEncoding = 4; lastKnownFileType = sourcecode.cpp.cpp; path = CubismMoc.cpp; sourceTree = "<group>"; };
		971111932088A4AE00D001F7 /* CubismMoc.hpp */ = {isa = PBXFileReference; fileEncoding = 4; lastKnownFileType = sourcecode.cpp.h; path = CubismMoc.hpp; sourceTree = "<group>"; };
		971111942088A4AE00D001F7 /* CubismModel.cpp */ = {isa = PBXFileReference; fileEncoding = 4; lastKnownFileType = sourcecode.cpp.cpp; path = CubismModel.cpp; sourceTree = "<group>"; };
		971111952088A4AE00D001F7 /* CubismModel.hpp */ = {isa = PBXFileReference; fileEncoding = 4; lastKnownFileType = sourcecode.cpp.h; path = CubismModel.hpp; sourceTree = "<group>"; };
		971111962088A4AE00D001F7 /* CubismModelUserData.cpp */ = {isa = PBXFileReference; fileEncoding = 4; lastKnownFileType = sourcecode.cpp.cpp; path = CubismModelUserData.cpp; sourceTree = "<group>"; };
		971111972088A4AE00D001F7 /* CubismModelUserData.hpp */ = {isa = PBXFileReference; fileEncoding = 4; lastKnownFileType = sourcecode.cpp.h; path = CubismModelUserData.hpp; sourceTree = "<group>"; };
		971111982088A4AE00D001F7 /* CubismModelUserDataJson.cpp */ = {isa = PBXFileReference; fileEncoding = 4; lastKnownFileType = sourcecode.cpp.cpp; path = CubismModelUserDataJson.cpp; sourceTree = "<group>"; };
		971111992088A4AE00D001F7 /* CubismModelUserDataJson.hpp */ = {isa = PBXFileReference; fileEncoding = 4; lastKnownFileType = sourcecode.cpp.h; path = CubismModelUserDataJson.hpp; sourceTree = "<group>"; };
		9711119A2088A4AE00D001F7 /* CubismUserModel.cpp */ = {isa = PBXFileReference; fileEncoding = 4; lastKnownFileType = sourcecode.cpp.cpp; path = CubismUserModel.cpp; sourceTree = "<group>"; };
		9711119B2088A4AE00D001F7 /* CubismUserModel.hpp */ = {isa = PBXFileReference; fileEncoding = 4; lastKnownFileType = sourcecode.cpp.h; path = CubismUserModel.hpp; sourceTree = "<group>"; };
		9711119D2088A4AE00D001F7 /* ACubismMotion.cpp */ = {isa = PBXFileReference; fileEncoding = 4; lastKnownFileType = sourcecode.cpp.cpp; path = ACubismMotion.cpp; sourceTree = "<group>"; };
		9711119E2088A4AE00D001F7 /* ACubismMotion.hpp */ = {isa = PBXFileReference; fileEncoding = 4; lastKnownFileType = sourcecode.cpp.h; path = ACubismMotion.hpp; sourceTree = "<group>"; };
		9711119F2088A4AE00D001F7 /* CubismExpressionMotion.cpp */ = {isa = PBXFileReference; fileEncoding = 4; lastKnownFileType = sourcecode.cpp.cpp; path = CubismExpressionMotion.cpp; sourceTree = "<group>"; };
		971111A02088A4AE00D001F7 /* CubismExpressionMotion.hpp */ = {isa = PBXFileReference; fileEncoding = 4; lastKnownFileType = sourcecode.cpp.h; path = CubismExpressionMotion.hpp; sourceTree = "<group>"; };
		971111A12088A4AE00D001F7 /* CubismMotion.cpp */ = {isa = PBXFileReference; fileEncoding = 4; lastKnownFileType = sourcecode.cpp.cpp; path = CubismMotion.cpp; sourceTree = "<group>"; };
		971111A22088A4AE00D001F7 /* CubismMotion.hpp */ = {isa = PBXFileReference; fileEncoding = 4; lastKnownFileType = sourcecode.cpp.h; path = CubismMotion.hpp; sourceTree = "<group>"; };
		971111A32088A4AE00D001F7 /* CubismMotionInternal.hpp */ = {isa = PBXFileReference; fileEncoding = 4; lastKnownFileType = sourcecode.cpp.h; path = CubismMotionInternal.hpp; sourceTree = "<group>"; };
		971111A42088A4AE00D001F7 /* CubismMotionJson.cpp */ = {isa = PBXFileReference; fileEncoding = 4; lastKnownFileType = sourcecode.cpp.cpp; path = CubismMotionJson.cpp; sourceTree = "<group>"; };
		971111A52088A4AE00D001F7 /* CubismMotionJson.hpp */ = {isa = PBXFileReference; fileEncoding = 4; lastKnownFileType = sourcecode.cpp.h; path = CubismMotionJson.hpp; sourceTree = "<group>"; };
		971111A62088A4AE00D001F7 /* CubismMotionManager.cpp */ = {isa = PBXFileReference; fileEncoding = 4; lastKnownFileType = sourcecode.cpp.cpp; path = CubismMotionManager.cpp; sourceTree = "<group>"; };
		971111A72088A4AE00D001F7 /* CubismMotionManager.hpp */ = {isa = PBXFileReference; fileEncoding = 4; lastKnownFileType = sourcecode.cpp.h; path = CubismMotionManager.hpp; sourceTree = "<group>"; };
		971111A82088A4AE00D001F7 /* CubismMotionQueueEntry.cpp */ = {isa = PBXFileReference; fileEncoding = 4; lastKnownFileType = sourcecode.cpp.cpp; path = CubismMotionQueueEntry.cpp; sourceTree = "<group>"; };
		971111A92088A4AE00D001F7 /* CubismMotionQueueEntry.hpp */ = {isa = PBXFileReference; fileEncoding = 4; lastKnownFileType = sourcecode.cpp.h; path = CubismMotionQueueEntry.hpp; sourceTree = "<group>"; };
		971111AA2088A4AE00D001F7 /* CubismMotionQueueManager.cpp */ = {isa = PBXFileReference; fileEncoding = 4; lastKnownFileType = sourcecode.cpp.cpp; path = CubismMotionQueueManager.cpp; sourceTree = "<group>"; };
		971111AB2088A4AE00D001F7 /* CubismMotionQueueManager.hpp */ = {isa = PBXFileReference; fileEncoding = 4; lastKnownFileType = sourcecode.cpp.h; path = CubismMotionQueueManager.hpp; sourceTree = "<group>"; };
		971111AD2088A4AE00D001F7 /* CubismPhysics.cpp */ = {isa = PBXFileReference; fileEncoding = 4; lastKnownFileType = sourcecode.cpp.cpp; path = CubismPhysics.cpp; sourceTree = "<group>"; };
		971111AE2088A4AE00D001F7 /* CubismPhysics.hpp */ = {isa = PBXFileReference; fileEncoding = 4; lastKnownFileType = sourcecode.cpp.h; path = CubismPhysics.hpp; sourceTree = "<group>"; };
		971111AF2088A4AE00D001F7 /* CubismPhysicsInternal.hpp */ = {isa = PBXFileReference; fileEncoding = 4; lastKnownFileType = sourcecode.cpp.h; path = CubismPhysicsInternal.hpp; sourceTree = "<group>"; };
		971111B02088A4AE00D001F7 /* CubismPhysicsJson.cpp */ = {isa = PBXFileReference; fileEncoding = 4; lastKnownFileType = sourcecode.cpp.cpp; path = CubismPhysicsJson.cpp; sourceTree = "<group>"; };
		971111B12088A4AE00D001F7 /* CubismPhysicsJson.hpp */ = {isa = PBXFileReference; fileEncoding = 4; lastKnownFileType = sourcecode.cpp.h; path = CubismPhysicsJson.hpp; sourceTree = "<group>"; };
		971111B32088A4AE00D001F7 /* CubismRenderer.cpp */ = {isa = PBXFileReference; fileEncoding = 4; lastKnownFileType = sourcecode.cpp.cpp; path = CubismRenderer.cpp; sourceTree = "<group>"; };
		971111B42088A4AE00D001F7 /* CubismRenderer.hpp */ = {isa = PBXFileReference; fileEncoding = 4; lastKnownFileType = sourcecode.cpp.h; path = CubismRenderer.hpp; sourceTree = "<group>"; };
		971111B62088A4AE00D001F7 /* CubismRenderer_OpenGLES2.cpp */ = {isa = PBXFileReference; fileEncoding = 4; lastKnownFileType = sourcecode.cpp.cpp; path = CubismRenderer_OpenGLES2.cpp; sourceTree = "<group>"; };
		971111B72088A4AE00D001F7 /* CubismRenderer_OpenGLES2.hpp */ = {isa = PBXFileReference; fileEncoding = 4; lastKnownFileType = sourcecode.cpp.h; path = CubismRenderer_OpenGLES2.hpp; sourceTree = "<group>"; };
		971111B92088A4AE00D001F7 /* csmMap.hpp */ = {isa = PBXFileReference; fileEncoding = 4; lastKnownFileType = sourcecode.cpp.h; path = csmMap.hpp; sourceTree = "<group>"; };
		971111BA2088A4AE00D001F7 /* csmRectF.cpp */ = {isa = PBXFileReference; fileEncoding = 4; lastKnownFileType = sourcecode.cpp.cpp; path = csmRectF.cpp; sourceTree = "<group>"; };
		971111BB2088A4AE00D001F7 /* csmRectF.hpp */ = {isa = PBXFileReference; fileEncoding = 4; lastKnownFileType = sourcecode.cpp.h; path = csmRectF.hpp; sourceTree = "<group>"; };
		971111BC2088A4AE00D001F7 /* csmString.cpp */ = {isa = PBXFileReference; fileEncoding = 4; lastKnownFileType = sourcecode.cpp.cpp; path = csmString.cpp; sourceTree = "<group>"; };
		971111BD2088A4AE00D001F7 /* csmString.hpp */ = {isa = PBXFileReference; fileEncoding = 4; lastKnownFileType = sourcecode.cpp.h; path = csmString.hpp; sourceTree = "<group>"; };
		971111BE2088A4AE00D001F7 /* csmVector.hpp */ = {isa = PBXFileReference; fileEncoding = 4; lastKnownFileType = sourcecode.cpp.h; path = csmVector.hpp; sourceTree = "<group>"; };
		971111BF2088A4AE00D001F7 /* CubismBasicType.hpp */ = {isa = PBXFileReference; fileEncoding = 4; lastKnownFileType = sourcecode.cpp.h; path = CubismBasicType.hpp; sourceTree = "<group>"; };
		971111C12088A4AE00D001F7 /* CubismDebug.cpp */ = {isa = PBXFileReference; fileEncoding = 4; lastKnownFileType = sourcecode.cpp.cpp; path = CubismDebug.cpp; sourceTree = "<group>"; };
		971111C22088A4AE00D001F7 /* CubismDebug.hpp */ = {isa = PBXFileReference; fileEncoding = 4; lastKnownFileType = sourcecode.cpp.h; path = CubismDebug.hpp; sourceTree = "<group>"; };
		971111C32088A4AE00D001F7 /* CubismJson.cpp */ = {isa = PBXFileReference; fileEncoding = 4; lastKnownFileType = sourcecode.cpp.cpp; path = CubismJson.cpp; sourceTree = "<group>"; };
		971111C42088A4AE00D001F7 /* CubismJson.hpp */ = {isa = PBXFileReference; fileEncoding = 4; lastKnownFileType = sourcecode.cpp.h; path = CubismJson.hpp; sourceTree = "<group>"; };
		971111C52088A4AE00D001F7 /* CubismString.cpp */ = {isa = PBXFileReference; fileEncoding = 4; lastKnownFileType = sourcecode.cpp.cpp; path = CubismString.cpp; sourceTree = "<group>"; };
		971111C62088A4AE00D001F7 /* CubismString.hpp */ = {isa = PBXFileReference; fileEncoding = 4; lastKnownFileType = sourcecode.cpp.h; path = CubismString.hpp; sourceTree = "<group>"; };
		AC6D13F62318F58E0079F158 /* Rice */ = {isa = PBXFileReference; lastKnownFileType = folder; path = Rice; sourceTree = "<group>"; };
		BF170DB012928DE900B8313A /* OpenGLES.framework */ = {isa = PBXFileReference; lastKnownFileType = wrapper.framework; name = OpenGLES.framework; path = System/Library/Frameworks/OpenGLES.framework; sourceTree = SDKROOT; };
		BF170DB412928DE900B8313A /* libz.dylib */ = {isa = PBXFileReference; lastKnownFileType = "compiled.mach-o.dylib"; name = libz.dylib; path = usr/lib/libz.dylib; sourceTree = SDKROOT; };
		BF1C47EA1293683800B63C5D /* QuartzCore.framework */ = {isa = PBXFileReference; lastKnownFileType = wrapper.framework; name = QuartzCore.framework; path = System/Library/Frameworks/QuartzCore.framework; sourceTree = SDKROOT; };
		D44C620B132DFF330009C878 /* OpenAL.framework */ = {isa = PBXFileReference; lastKnownFileType = wrapper.framework; name = OpenAL.framework; path = System/Library/Frameworks/OpenAL.framework; sourceTree = SDKROOT; };
		D44C620D132DFF430009C878 /* AVFoundation.framework */ = {isa = PBXFileReference; lastKnownFileType = wrapper.framework; name = AVFoundation.framework; path = System/Library/Frameworks/AVFoundation.framework; sourceTree = SDKROOT; };
		D44C620F132DFF4E0009C878 /* AudioToolbox.framework */ = {isa = PBXFileReference; lastKnownFileType = wrapper.framework; name = AudioToolbox.framework; path = System/Library/Frameworks/AudioToolbox.framework; sourceTree = SDKROOT; };
		D6B0611A1803AB670077942B /* CoreMotion.framework */ = {isa = PBXFileReference; lastKnownFileType = wrapper.framework; name = CoreMotion.framework; path = Platforms/iPhoneOS.platform/Developer/SDKs/iPhoneOS.sdk/System/Library/Frameworks/CoreMotion.framework; sourceTree = DEVELOPER_DIR; };
		ED545A7B1B68A1F400C3958E /* libiconv.dylib */ = {isa = PBXFileReference; lastKnownFileType = "compiled.mach-o.dylib"; name = libiconv.dylib; path = Platforms/iPhoneOS.platform/Developer/SDKs/iPhoneOS.sdk/usr/lib/libiconv.dylib; sourceTree = DEVELOPER_DIR; };
		ED545A7D1B68A1FA00C3958E /* libiconv.dylib */ = {isa = PBXFileReference; lastKnownFileType = "compiled.mach-o.dylib"; name = libiconv.dylib; path = usr/lib/libiconv.dylib; sourceTree = SDKROOT; };
/* End PBXFileReference section */

/* Begin PBXFrameworksBuildPhase section */
		1D60588F0D05DD3D006BFB54 /* Frameworks */ = {
			isa = PBXFrameworksBuildPhase;
			buildActionMask = 2147483647;
			files = (
				9711114B20889E3900D001F7 /* libcocos2d iOS.a in Frameworks */,
				294D0D641D0D56D500F7F5D4 /* CoreText.framework in Frameworks */,
				ED545A7C1B68A1F400C3958E /* libiconv.dylib in Frameworks */,
				52B47A471A53D09C004E4C60 /* Security.framework in Frameworks */,
				D6B0611B1803AB670077942B /* CoreMotion.framework in Frameworks */,
				1D60589F0D05DD5A006BFB54 /* Foundation.framework in Frameworks */,
				1DF5F4E00D08C38300B7A737 /* UIKit.framework in Frameworks */,
				288765A50DF7441C002DB57D /* CoreGraphics.framework in Frameworks */,
				BF171245129291EC00B8313A /* OpenGLES.framework in Frameworks */,
				BF1712471292920000B8313A /* libz.dylib in Frameworks */,
				BF1C47F01293687400B63C5D /* QuartzCore.framework in Frameworks */,
				D44C620C132DFF330009C878 /* OpenAL.framework in Frameworks */,
				D44C620E132DFF430009C878 /* AVFoundation.framework in Frameworks */,
				D44C6210132DFF4E0009C878 /* AudioToolbox.framework in Frameworks */,
			);
			runOnlyForDeploymentPostprocessing = 0;
		};
		5087E75C17EB910900C73F5D /* Frameworks */ = {
			isa = PBXFrameworksBuildPhase;
			buildActionMask = 2147483647;
			files = (
				9711114C20889E3F00D001F7 /* libcocos2d Mac.a in Frameworks */,
				ED545A7E1B68A1FA00C3958E /* libiconv.dylib in Frameworks */,
				5087E76717EB910900C73F5D /* libz.dylib in Frameworks */,
				8262943E1AAF051F00CB7CF7 /* Security.framework in Frameworks */,
				503AE11B17EB9C5A00D1A890 /* IOKit.framework in Frameworks */,
				5087E78B17EB975400C73F5D /* OpenGL.framework in Frameworks */,
				5087E78917EB974C00C73F5D /* AppKit.framework in Frameworks */,
				5087E76317EB910900C73F5D /* Foundation.framework in Frameworks */,
				5087E76817EB910900C73F5D /* QuartzCore.framework in Frameworks */,
				5087E76917EB910900C73F5D /* OpenAL.framework in Frameworks */,
				5087E76A17EB910900C73F5D /* AVFoundation.framework in Frameworks */,
				5087E76B17EB910900C73F5D /* AudioToolbox.framework in Frameworks */,
			);
			runOnlyForDeploymentPostprocessing = 0;
		};
/* End PBXFrameworksBuildPhase section */

/* Begin PBXGroup section */
		080E96DDFE201D6D7F000001 /* ios */ = {
			isa = PBXGroup;
			children = (
				5087E77117EB970100C73F5D /* Icons */,
				503AE0FA17EB989F00D1A890 /* AppController.h */,
				503AE0FB17EB989F00D1A890 /* AppController.mm */,
				503AE0FC17EB989F00D1A890 /* main.m */,
				503AE0FD17EB989F00D1A890 /* Prefix.pch */,
				503AE0FE17EB989F00D1A890 /* RootViewController.h */,
				503AE0FF17EB989F00D1A890 /* RootViewController.mm */,
			);
			name = ios;
			path = Classes;
			sourceTree = "<group>";
		};
		19C28FACFE9D520D11CA2CBB /* Products */ = {
			isa = PBXGroup;
			children = (
				1D6058910D05DD3D006BFB54 /* Demo-mobile.app */,
				5087E76F17EB910900C73F5D /* Demo-desktop.app */,
			);
			name = Products;
			sourceTree = "<group>";
		};
		29B97314FDCFA39411CA2CEA /* CustomTemplate */ = {
			isa = PBXGroup;
			children = (
				8083D7B3218B107F00BB8CB4 /* Resources */,
				8063475F21887B850025E859 /* Res */,
				971111692088A47800D001F7 /* CubismCore */,
				9711114D20889E5600D001F7 /* Live2D::Cubism::Framework */,
				9711113F20889E1500D001F7 /* cocos2d_libs.xcodeproj */,
				46880B8319C43A87006E1F66 /* Classes */,
				29B97323FDCFA39411CA2CEA /* Frameworks */,
				080E96DDFE201D6D7F000001 /* ios */,
				503AE10617EB990700D1A890 /* mac */,
				19C28FACFE9D520D11CA2CBB /* Products */,
			);
			name = CustomTemplate;
			sourceTree = "<group>";
		};
		29B97323FDCFA39411CA2CEA /* Frameworks */ = {
			isa = PBXGroup;
			children = (
				294D0D631D0D56D500F7F5D4 /* CoreText.framework */,
				ED545A7D1B68A1FA00C3958E /* libiconv.dylib */,
				ED545A7B1B68A1F400C3958E /* libiconv.dylib */,
				8262943D1AAF051F00CB7CF7 /* Security.framework */,
				52B47A461A53D09B004E4C60 /* Security.framework */,
				D6B0611A1803AB670077942B /* CoreMotion.framework */,
				503AE11A17EB9C5A00D1A890 /* IOKit.framework */,
				503AE11117EB99EE00D1A890 /* libcurl.dylib */,
				5087E78A17EB975400C73F5D /* OpenGL.framework */,
				5087E78817EB974C00C73F5D /* AppKit.framework */,
				1ACB3243164770DE00914215 /* libcurl.a */,
				BF170DB412928DE900B8313A /* libz.dylib */,
				D44C620F132DFF4E0009C878 /* AudioToolbox.framework */,
				D44C620D132DFF430009C878 /* AVFoundation.framework */,
				288765A40DF7441C002DB57D /* CoreGraphics.framework */,
				1D30AB110D05D00D00671497 /* Foundation.framework */,
				D44C620B132DFF330009C878 /* OpenAL.framework */,
				BF170DB012928DE900B8313A /* OpenGLES.framework */,
				BF1C47EA1293683800B63C5D /* QuartzCore.framework */,
				1DF5F4DF0D08C38300B7A737 /* UIKit.framework */,
			);
			name = Frameworks;
			sourceTree = "<group>";
		};
		46880B8319C43A87006E1F66 /* Classes */ = {
			isa = PBXGroup;
			children = (
				8015F04121F87F9700A57734 /* LAppSprite.cpp */,
				8015F03D21F87F9700A57734 /* LAppSprite.hpp */,
				9711111F20889DCA00D001F7 /* AppMacros.h */,
				9711111E20889DCA00D001F7 /* LAppAllocator.cpp */,
				9711111520889DCA00D001F7 /* LAppAllocator.hpp */,
				9711111420889DCA00D001F7 /* LAppDefine.cpp */,
				9711111320889DCA00D001F7 /* LAppDefine.hpp */,
				9711111820889DCA00D001F7 /* LAppLive2DManager.cpp */,
				9711111A20889DCA00D001F7 /* LAppLive2DManager.hpp */,
				9711111720889DCA00D001F7 /* LAppModel.cpp */,
				9711111B20889DCA00D001F7 /* LAppModel.hpp */,
				9711111C20889DCA00D001F7 /* LAppPal.cpp */,
				9711112220889DCB00D001F7 /* LAppPal.hpp */,
				9711112120889DCB00D001F7 /* LAppView.cpp */,
				9711111920889DCA00D001F7 /* LAppView.hpp */,
				9711111220889DC900D001F7 /* SampleScene.cpp */,
				9711112020889DCB00D001F7 /* SampleScene.h */,
				9711111620889DCA00D001F7 /* TouchManager.cpp */,
				9711111D20889DCA00D001F7 /* TouchManager.h */,
				46880B8419C43A87006E1F66 /* AppDelegate.cpp */,
				46880B8519C43A87006E1F66 /* AppDelegate.h */,
			);
			name = Classes;
			path = ../Classes;
			sourceTree = "<group>";
		};
		503AE0F517EB97AB00D1A890 /* Icons */ = {
			isa = PBXGroup;
			children = (
				503AE0F617EB97AB00D1A890 /* Icon.icns */,
				503AE0F717EB97AB00D1A890 /* Info.plist */,
			);
			name = Icons;
			path = mac;
			sourceTree = SOURCE_ROOT;
		};
		503AE10617EB990700D1A890 /* mac */ = {
			isa = PBXGroup;
			children = (
				503AE0F517EB97AB00D1A890 /* Icons */,
				503AE10317EB98FF00D1A890 /* main.cpp */,
				503AE10417EB98FF00D1A890 /* Prefix.pch */,
			);
			name = mac;
			sourceTree = "<group>";
		};
		5087E77117EB970100C73F5D /* Icons */ = {
			isa = PBXGroup;
			children = (
				521A8E6219F0C34300D177D7 /* Default-667h@2x.png */,
				521A8E6319F0C34300D177D7 /* Default-736h@3x.png */,
				5087E77217EB970100C73F5D /* Default-568h@2x.png */,
				5087E77317EB970100C73F5D /* Default.png */,
				5087E77417EB970100C73F5D /* Default@2x.png */,
				50EF62A017ECD613001EB2F8 /* Icon-29.png */,
				50EF62A117ECD613001EB2F8 /* Icon-50.png */,
				50EF629217ECD46A001EB2F8 /* Icon-40.png */,
				50EF629317ECD46A001EB2F8 /* Icon-58.png */,
				50EF629417ECD46A001EB2F8 /* Icon-80.png */,
				50EF629517ECD46A001EB2F8 /* Icon-100.png */,
				5087E77517EB970100C73F5D /* Icon-114.png */,
				5087E77617EB970100C73F5D /* Icon-120.png */,
				5087E77717EB970100C73F5D /* Icon-144.png */,
				5087E77817EB970100C73F5D /* Icon-152.png */,
				5087E77917EB970100C73F5D /* Icon-57.png */,
				5087E77A17EB970100C73F5D /* Icon-72.png */,
				5087E77B17EB970100C73F5D /* Icon-76.png */,
				5087E77C17EB970100C73F5D /* Info.plist */,
			);
			name = Icons;
			path = ios;
			sourceTree = SOURCE_ROOT;
		};
		8063475F21887B850025E859 /* Res */ = {
			isa = PBXGroup;
			children = (
				AC6D13F62318F58E0079F158 /* Rice */,
				8063476F21887BEF0025E859 /* back_class_normal.png */,
				8063476D21887BEF0025E859 /* icon_gear.png */,
				8063476321887BC10025E859 /* Haru */,
				8063476421887BC20025E859 /* Hiyori */,
				8063476521887BC20025E859 /* Mark */,
				80C8FE012248D5210018391B /* Natori */,
			);
			name = Res;
			path = ../../../Res;
			sourceTree = "<group>";
		};
		8083D7B3218B107F00BB8CB4 /* Resources */ = {
			isa = PBXGroup;
			children = (
				8083D7C7219577E300BB8CB4 /* CloseSelected.png */,
				8083D7C1219577C900BB8CB4 /* CloseNormal.png */,
				8083D7B4218B10D400BB8CB4 /* fonts */,
			);
			name = Resources;
			path = ../Resources;
			sourceTree = "<group>";
		};
		9711114020889E1500D001F7 /* Products */ = {
			isa = PBXGroup;
			children = (
				9711114620889E1500D001F7 /* libcocos2d Mac.a */,
				9711114820889E1500D001F7 /* libcocos2d iOS.a */,
				9711114A20889E1500D001F7 /* libcocos2d tvOS.a */,
			);
			name = Products;
			sourceTree = "<group>";
		};
		9711114D20889E5600D001F7 /* Live2D::Cubism::Framework */ = {
			isa = PBXGroup;
			children = (
				9711116D2088A4AE00D001F7 /* src */,
			);
			name = "Live2D::Cubism::Framework";
			sourceTree = "<group>";
		};
		971111692088A47800D001F7 /* CubismCore */ = {
			isa = PBXGroup;
			children = (
				9711116A2088A48D00D001F7 /* include */,
			);
			name = CubismCore;
			sourceTree = "<group>";
		};
		9711116A2088A48D00D001F7 /* include */ = {
			isa = PBXGroup;
			children = (
				9711116B2088A48D00D001F7 /* Live2DCubismCore.h */,
			);
			name = include;
			path = ../../../../Core/include;
			sourceTree = "<group>";
		};
		9711116D2088A4AE00D001F7 /* src */ = {
			isa = PBXGroup;
			children = (
				9711116E2088A4AE00D001F7 /* CubismDefaultParameterId.cpp */,
				9711116F2088A4AE00D001F7 /* CubismDefaultParameterId.hpp */,
				971111702088A4AE00D001F7 /* CubismFramework.cpp */,
				971111712088A4AE00D001F7 /* CubismFramework.hpp */,
				971111722088A4AE00D001F7 /* CubismFrameworkConfig.hpp */,
				971111732088A4AE00D001F7 /* CubismModelSettingJson.cpp */,
				971111742088A4AE00D001F7 /* CubismModelSettingJson.hpp */,
				9711117D2088A4AE00D001F7 /* ICubismModelSetting.hpp */,
				9711117C2088A4AE00D001F7 /* ICubismAllocator.hpp */,
				971111832088A4AE00D001F7 /* Live2DCubismCore.hpp */,
				971111752088A4AE00D001F7 /* Effect */,
				9711117E2088A4AE00D001F7 /* Id */,
				971111842088A4AE00D001F7 /* Math */,
				971111912088A4AE00D001F7 /* Model */,
				9711119C2088A4AE00D001F7 /* Motion */,
				971111AC2088A4AE00D001F7 /* Physics */,
				971111B22088A4AE00D001F7 /* Rendering */,
				971111B82088A4AE00D001F7 /* Type */,
				971111C02088A4AE00D001F7 /* Utils */,
			);
			name = src;
			path = ../../../../Framework/src;
			sourceTree = "<group>";
		};
		971111752088A4AE00D001F7 /* Effect */ = {
			isa = PBXGroup;
			children = (
				971111762088A4AE00D001F7 /* CubismBreath.cpp */,
				971111772088A4AE00D001F7 /* CubismBreath.hpp */,
				971111782088A4AE00D001F7 /* CubismEyeBlink.cpp */,
				971111792088A4AE00D001F7 /* CubismEyeBlink.hpp */,
				9711117A2088A4AE00D001F7 /* CubismPose.cpp */,
				9711117B2088A4AE00D001F7 /* CubismPose.hpp */,
			);
			path = Effect;
			sourceTree = "<group>";
		};
		9711117E2088A4AE00D001F7 /* Id */ = {
			isa = PBXGroup;
			children = (
				9711117F2088A4AE00D001F7 /* CubismId.cpp */,
				971111802088A4AE00D001F7 /* CubismId.hpp */,
				971111812088A4AE00D001F7 /* CubismIdManager.cpp */,
				971111822088A4AE00D001F7 /* CubismIdManager.hpp */,
			);
			path = Id;
			sourceTree = "<group>";
		};
		971111842088A4AE00D001F7 /* Math */ = {
			isa = PBXGroup;
			children = (
				971111852088A4AE00D001F7 /* CubismMath.cpp */,
				971111862088A4AE00D001F7 /* CubismMath.hpp */,
				971111872088A4AE00D001F7 /* CubismMatrix44.cpp */,
				971111882088A4AE00D001F7 /* CubismMatrix44.hpp */,
				971111892088A4AE00D001F7 /* CubismModelMatrix.cpp */,
				9711118A2088A4AE00D001F7 /* CubismModelMatrix.hpp */,
				9711118B2088A4AE00D001F7 /* CubismTargetPoint.cpp */,
				9711118C2088A4AE00D001F7 /* CubismTargetPoint.hpp */,
				9711118D2088A4AE00D001F7 /* CubismVector2.cpp */,
				9711118E2088A4AE00D001F7 /* CubismVector2.hpp */,
				9711118F2088A4AE00D001F7 /* CubismViewMatrix.cpp */,
				971111902088A4AE00D001F7 /* CubismViewMatrix.hpp */,
			);
			path = Math;
			sourceTree = "<group>";
		};
		971111912088A4AE00D001F7 /* Model */ = {
			isa = PBXGroup;
			children = (
				971111922088A4AE00D001F7 /* CubismMoc.cpp */,
				971111932088A4AE00D001F7 /* CubismMoc.hpp */,
				971111942088A4AE00D001F7 /* CubismModel.cpp */,
				971111952088A4AE00D001F7 /* CubismModel.hpp */,
				971111962088A4AE00D001F7 /* CubismModelUserData.cpp */,
				971111972088A4AE00D001F7 /* CubismModelUserData.hpp */,
				971111982088A4AE00D001F7 /* CubismModelUserDataJson.cpp */,
				971111992088A4AE00D001F7 /* CubismModelUserDataJson.hpp */,
				9711119A2088A4AE00D001F7 /* CubismUserModel.cpp */,
				9711119B2088A4AE00D001F7 /* CubismUserModel.hpp */,
			);
			path = Model;
			sourceTree = "<group>";
		};
		9711119C2088A4AE00D001F7 /* Motion */ = {
			isa = PBXGroup;
			children = (
				9711119D2088A4AE00D001F7 /* ACubismMotion.cpp */,
				9711119E2088A4AE00D001F7 /* ACubismMotion.hpp */,
				9711119F2088A4AE00D001F7 /* CubismExpressionMotion.cpp */,
				971111A02088A4AE00D001F7 /* CubismExpressionMotion.hpp */,
				971111A12088A4AE00D001F7 /* CubismMotion.cpp */,
				971111A22088A4AE00D001F7 /* CubismMotion.hpp */,
				971111A32088A4AE00D001F7 /* CubismMotionInternal.hpp */,
				971111A42088A4AE00D001F7 /* CubismMotionJson.cpp */,
				971111A52088A4AE00D001F7 /* CubismMotionJson.hpp */,
				971111A62088A4AE00D001F7 /* CubismMotionManager.cpp */,
				971111A72088A4AE00D001F7 /* CubismMotionManager.hpp */,
				971111A82088A4AE00D001F7 /* CubismMotionQueueEntry.cpp */,
				971111A92088A4AE00D001F7 /* CubismMotionQueueEntry.hpp */,
				971111AA2088A4AE00D001F7 /* CubismMotionQueueManager.cpp */,
				971111AB2088A4AE00D001F7 /* CubismMotionQueueManager.hpp */,
			);
			path = Motion;
			sourceTree = "<group>";
		};
		971111AC2088A4AE00D001F7 /* Physics */ = {
			isa = PBXGroup;
			children = (
				971111AD2088A4AE00D001F7 /* CubismPhysics.cpp */,
				971111AE2088A4AE00D001F7 /* CubismPhysics.hpp */,
				971111AF2088A4AE00D001F7 /* CubismPhysicsInternal.hpp */,
				971111B02088A4AE00D001F7 /* CubismPhysicsJson.cpp */,
				971111B12088A4AE00D001F7 /* CubismPhysicsJson.hpp */,
			);
			path = Physics;
			sourceTree = "<group>";
		};
		971111B22088A4AE00D001F7 /* Rendering */ = {
			isa = PBXGroup;
			children = (
				971111B32088A4AE00D001F7 /* CubismRenderer.cpp */,
				971111B42088A4AE00D001F7 /* CubismRenderer.hpp */,
				971111B52088A4AE00D001F7 /* OpenGL */,
			);
			path = Rendering;
			sourceTree = "<group>";
		};
		971111B52088A4AE00D001F7 /* OpenGL */ = {
			isa = PBXGroup;
			children = (
				809EB2CE21D3816E00A50681 /* CubismOffscreenSurface_OpenGLES2.cpp */,
				809EB2CD21D3816E00A50681 /* CubismOffscreenSurface_OpenGLES2.hpp */,
				971111B62088A4AE00D001F7 /* CubismRenderer_OpenGLES2.cpp */,
				971111B72088A4AE00D001F7 /* CubismRenderer_OpenGLES2.hpp */,
			);
			path = OpenGL;
			sourceTree = "<group>";
		};
		971111B82088A4AE00D001F7 /* Type */ = {
			isa = PBXGroup;
			children = (
				971111B92088A4AE00D001F7 /* csmMap.hpp */,
				971111BA2088A4AE00D001F7 /* csmRectF.cpp */,
				971111BB2088A4AE00D001F7 /* csmRectF.hpp */,
				971111BC2088A4AE00D001F7 /* csmString.cpp */,
				971111BD2088A4AE00D001F7 /* csmString.hpp */,
				971111BE2088A4AE00D001F7 /* csmVector.hpp */,
				971111BF2088A4AE00D001F7 /* CubismBasicType.hpp */,
			);
			path = Type;
			sourceTree = "<group>";
		};
		971111C02088A4AE00D001F7 /* Utils */ = {
			isa = PBXGroup;
			children = (
				971111C12088A4AE00D001F7 /* CubismDebug.cpp */,
				971111C22088A4AE00D001F7 /* CubismDebug.hpp */,
				971111C32088A4AE00D001F7 /* CubismJson.cpp */,
				971111C42088A4AE00D001F7 /* CubismJson.hpp */,
				971111C52088A4AE00D001F7 /* CubismString.cpp */,
				971111C62088A4AE00D001F7 /* CubismString.hpp */,
			);
			path = Utils;
			sourceTree = "<group>";
		};
/* End PBXGroup section */

/* Begin PBXNativeTarget section */
		1D6058900D05DD3D006BFB54 /* Demo-mobile */ = {
			isa = PBXNativeTarget;
			buildConfigurationList = 1D6058960D05DD3E006BFB54 /* Build configuration list for PBXNativeTarget "Demo-mobile" */;
			buildPhases = (
				1D60588D0D05DD3D006BFB54 /* Resources */,
				1D60588E0D05DD3D006BFB54 /* Sources */,
				1D60588F0D05DD3D006BFB54 /* Frameworks */,
			);
			buildRules = (
			);
			dependencies = (
			);
			name = "Demo-mobile";
			productName = iphone;
			productReference = 1D6058910D05DD3D006BFB54 /* Demo-mobile.app */;
			productType = "com.apple.product-type.application";
		};
		5087E73D17EB910900C73F5D /* Demo-desktop */ = {
			isa = PBXNativeTarget;
			buildConfigurationList = 5087E76C17EB910900C73F5D /* Build configuration list for PBXNativeTarget "Demo-desktop" */;
			buildPhases = (
				5087E74817EB910900C73F5D /* Resources */,
				5087E75617EB910900C73F5D /* Sources */,
				5087E75C17EB910900C73F5D /* Frameworks */,
			);
			buildRules = (
			);
			dependencies = (
			);
			name = "Demo-desktop";
			productName = iphone;
			productReference = 5087E76F17EB910900C73F5D /* Demo-desktop.app */;
			productType = "com.apple.product-type.application";
		};
/* End PBXNativeTarget section */

/* Begin PBXProject section */
		29B97313FDCFA39411CA2CEA /* Project object */ = {
			isa = PBXProject;
			attributes = {
				LastUpgradeCheck = 0500;
				TargetAttributes = {
					1D6058900D05DD3D006BFB54 = {
						ProvisioningStyle = Automatic;
					};
					5087E73D17EB910900C73F5D = {
						ProvisioningStyle = Automatic;
					};
				};
			};
			buildConfigurationList = C01FCF4E08A954540054247B /* Build configuration list for PBXProject "Demo" */;
			compatibilityVersion = "Xcode 3.2";
			developmentRegion = English;
			hasScannedForEncodings = 1;
			knownRegions = (
				English,
				Japanese,
				French,
				German,
			);
			mainGroup = 29B97314FDCFA39411CA2CEA /* CustomTemplate */;
			projectDirPath = "";
			projectReferences = (
				{
					ProductGroup = 9711114020889E1500D001F7 /* Products */;
					ProjectRef = 9711113F20889E1500D001F7 /* cocos2d_libs.xcodeproj */;
				},
			);
			projectRoot = "";
			targets = (
				1D6058900D05DD3D006BFB54 /* Demo-mobile */,
				5087E73D17EB910900C73F5D /* Demo-desktop */,
			);
		};
/* End PBXProject section */

/* Begin PBXReferenceProxy section */
		9711114620889E1500D001F7 /* libcocos2d Mac.a */ = {
			isa = PBXReferenceProxy;
			fileType = archive.ar;
			path = "libcocos2d Mac.a";
			remoteRef = 9711114520889E1500D001F7 /* PBXContainerItemProxy */;
			sourceTree = BUILT_PRODUCTS_DIR;
		};
		9711114820889E1500D001F7 /* libcocos2d iOS.a */ = {
			isa = PBXReferenceProxy;
			fileType = archive.ar;
			path = "libcocos2d iOS.a";
			remoteRef = 9711114720889E1500D001F7 /* PBXContainerItemProxy */;
			sourceTree = BUILT_PRODUCTS_DIR;
		};
		9711114A20889E1500D001F7 /* libcocos2d tvOS.a */ = {
			isa = PBXReferenceProxy;
			fileType = archive.ar;
			path = "libcocos2d tvOS.a";
			remoteRef = 9711114920889E1500D001F7 /* PBXContainerItemProxy */;
			sourceTree = BUILT_PRODUCTS_DIR;
		};
/* End PBXReferenceProxy section */

/* Begin PBXResourcesBuildPhase section */
		1D60588D0D05DD3D006BFB54 /* Resources */ = {
			isa = PBXResourcesBuildPhase;
			buildActionMask = 2147483647;
			files = (
				8083D7B5218B10D400BB8CB4 /* fonts in Resources */,
				5087E78117EB970100C73F5D /* Icon-120.png in Resources */,
				5087E78617EB970100C73F5D /* Icon-76.png in Resources */,
				5087E77F17EB970100C73F5D /* Default@2x.png in Resources */,
				8063477221887BF00025E859 /* icon_gear.png in Resources */,
				8063477621887BF00025E859 /* back_class_normal.png in Resources */,
				8083D7C5219577C900BB8CB4 /* CloseNormal.png in Resources */,
				50EF629917ECD46A001EB2F8 /* Icon-100.png in Resources */,
				5087E78317EB970100C73F5D /* Icon-152.png in Resources */,
				8063476821887BC20025E859 /* Hiyori in Resources */,
				5087E77D17EB970100C73F5D /* Default-568h@2x.png in Resources */,
				5087E78517EB970100C73F5D /* Icon-72.png in Resources */,
				521A8E6519F0C34300D177D7 /* Default-736h@3x.png in Resources */,
				8063476621887BC20025E859 /* Haru in Resources */,
				50EF62A317ECD613001EB2F8 /* Icon-50.png in Resources */,
				5087E78017EB970100C73F5D /* Icon-114.png in Resources */,
				50EF62A217ECD613001EB2F8 /* Icon-29.png in Resources */,
				8063476A21887BC20025E859 /* Mark in Resources */,
				50EF629617ECD46A001EB2F8 /* Icon-40.png in Resources */,
				5087E78217EB970100C73F5D /* Icon-144.png in Resources */,
				50EF629817ECD46A001EB2F8 /* Icon-80.png in Resources */,
				5087E78417EB970100C73F5D /* Icon-57.png in Resources */,
				5087E77E17EB970100C73F5D /* Default.png in Resources */,
				521A8E6419F0C34300D177D7 /* Default-667h@2x.png in Resources */,
				50EF629717ECD46A001EB2F8 /* Icon-58.png in Resources */,
				80C8FE052248D5210018391B /* Natori in Resources */,
				8083D7C8219577E300BB8CB4 /* CloseSelected.png in Resources */,
				AC6D13F72318F58E0079F158 /* Rice in Resources */,
			);
			runOnlyForDeploymentPostprocessing = 0;
		};
		5087E74817EB910900C73F5D /* Resources */ = {
			isa = PBXResourcesBuildPhase;
			buildActionMask = 2147483647;
			files = (
				8063477721887BF00025E859 /* back_class_normal.png in Resources */,
				8083D7C9219577E300BB8CB4 /* CloseSelected.png in Resources */,
				8063476921887BC20025E859 /* Hiyori in Resources */,
				503AE0F817EB97AB00D1A890 /* Icon.icns in Resources */,
				8063477321887BF00025E859 /* icon_gear.png in Resources */,
				80C8FE062248D5210018391B /* Natori in Resources */,
				8083D7B6218B10D400BB8CB4 /* fonts in Resources */,
				8083D7C6219577C900BB8CB4 /* CloseNormal.png in Resources */,
				8063476B21887BC20025E859 /* Mark in Resources */,
				AC6D13F82318F58E0079F158 /* Rice in Resources */,
				8063476721887BC20025E859 /* Haru in Resources */,
			);
			runOnlyForDeploymentPostprocessing = 0;
		};
/* End PBXResourcesBuildPhase section */

/* Begin PBXSourcesBuildPhase section */
		1D60588E0D05DD3D006BFB54 /* Sources */ = {
			isa = PBXSourcesBuildPhase;
			buildActionMask = 2147483647;
			files = (
				971111E52088A4AE00D001F7 /* CubismModel.cpp in Sources */,
				971111E32088A4AE00D001F7 /* CubismMoc.cpp in Sources */,
				9711116C2088A49B00D001F7 /* Live2DCubismCore.h in Sources */,
				9711112F20889DCB00D001F7 /* LAppAllocator.cpp in Sources */,
				971111D12088A4AE00D001F7 /* CubismPose.cpp in Sources */,
				971111FF2088A4AF00D001F7 /* CubismRenderer.cpp in Sources */,
				9711112D20889DCB00D001F7 /* LAppPal.cpp in Sources */,
				971112012088A4AF00D001F7 /* CubismRenderer_OpenGLES2.cpp in Sources */,
				971111EF2088A4AE00D001F7 /* CubismExpressionMotion.cpp in Sources */,
				971111DF2088A4AE00D001F7 /* CubismVector2.cpp in Sources */,
				9711112520889DCB00D001F7 /* LAppDefine.cpp in Sources */,
				9711112320889DCB00D001F7 /* SampleScene.cpp in Sources */,
				9711112B20889DCB00D001F7 /* LAppLive2DManager.cpp in Sources */,
				971111C92088A4AE00D001F7 /* CubismFramework.cpp in Sources */,
				971111E12088A4AE00D001F7 /* CubismViewMatrix.cpp in Sources */,
				971111FD2088A4AF00D001F7 /* CubismPhysicsJson.cpp in Sources */,
				971111CB2088A4AE00D001F7 /* CubismModelSettingJson.cpp in Sources */,
				971111E72088A4AE00D001F7 /* CubismModelUserData.cpp in Sources */,
				46880B8819C43A87006E1F66 /* AppDelegate.cpp in Sources */,
				971111D92088A4AE00D001F7 /* CubismMatrix44.cpp in Sources */,
				971112032088A4AF00D001F7 /* csmRectF.cpp in Sources */,
				503AE10017EB989F00D1A890 /* AppController.mm in Sources */,
				971112072088A4AF00D001F7 /* CubismDebug.cpp in Sources */,
				503AE10217EB989F00D1A890 /* RootViewController.mm in Sources */,
				971111F92088A4AF00D001F7 /* CubismMotionQueueManager.cpp in Sources */,
				9711112920889DCB00D001F7 /* LAppModel.cpp in Sources */,
				971111DD2088A4AE00D001F7 /* CubismTargetPoint.cpp in Sources */,
				9711113120889DCB00D001F7 /* LAppView.cpp in Sources */,
				971111DB2088A4AE00D001F7 /* CubismModelMatrix.cpp in Sources */,
				971111D52088A4AE00D001F7 /* CubismIdManager.cpp in Sources */,
				971112092088A4AF00D001F7 /* CubismJson.cpp in Sources */,
				971112052088A4AF00D001F7 /* csmString.cpp in Sources */,
				971111EB2088A4AE00D001F7 /* CubismUserModel.cpp in Sources */,
				971111C72088A4AE00D001F7 /* CubismDefaultParameterId.cpp in Sources */,
				971111ED2088A4AE00D001F7 /* ACubismMotion.cpp in Sources */,
				8015F04221F87F9700A57734 /* LAppSprite.cpp in Sources */,
				503AE10117EB989F00D1A890 /* main.m in Sources */,
				809EB2CF21D3816E00A50681 /* CubismOffscreenSurface_OpenGLES2.cpp in Sources */,
				971111F32088A4AF00D001F7 /* CubismMotionJson.cpp in Sources */,
				9711112720889DCB00D001F7 /* TouchManager.cpp in Sources */,
				971111D72088A4AE00D001F7 /* CubismMath.cpp in Sources */,
				971111FB2088A4AF00D001F7 /* CubismPhysics.cpp in Sources */,
				971111D32088A4AE00D001F7 /* CubismId.cpp in Sources */,
				971111F12088A4AE00D001F7 /* CubismMotion.cpp in Sources */,
				971111CD2088A4AE00D001F7 /* CubismBreath.cpp in Sources */,
				9711120B2088A4AF00D001F7 /* CubismString.cpp in Sources */,
				971111E92088A4AE00D001F7 /* CubismModelUserDataJson.cpp in Sources */,
				971111CF2088A4AE00D001F7 /* CubismEyeBlink.cpp in Sources */,
				971111F52088A4AF00D001F7 /* CubismMotionManager.cpp in Sources */,
				971111F72088A4AF00D001F7 /* CubismMotionQueueEntry.cpp in Sources */,
			);
			runOnlyForDeploymentPostprocessing = 0;
		};
		5087E75617EB910900C73F5D /* Sources */ = {
			isa = PBXSourcesBuildPhase;
			buildActionMask = 2147483647;
			files = (
				971111FE2088A4AF00D001F7 /* CubismPhysicsJson.cpp in Sources */,
				971111E22088A4AE00D001F7 /* CubismViewMatrix.cpp in Sources */,
				971111E82088A4AE00D001F7 /* CubismModelUserData.cpp in Sources */,
				9711112620889DCB00D001F7 /* LAppDefine.cpp in Sources */,
				9711112A20889DCB00D001F7 /* LAppModel.cpp in Sources */,
				971111EE2088A4AE00D001F7 /* ACubismMotion.cpp in Sources */,
				971111CE2088A4AE00D001F7 /* CubismBreath.cpp in Sources */,
				9711113020889DCB00D001F7 /* LAppAllocator.cpp in Sources */,
				9711120A2088A4AF00D001F7 /* CubismJson.cpp in Sources */,
				971112062088A4AF00D001F7 /* csmString.cpp in Sources */,
				971111F82088A4AF00D001F7 /* CubismMotionQueueEntry.cpp in Sources */,
				971111EC2088A4AE00D001F7 /* CubismUserModel.cpp in Sources */,
				971111DE2088A4AE00D001F7 /* CubismTargetPoint.cpp in Sources */,
				971112002088A4AF00D001F7 /* CubismRenderer.cpp in Sources */,
				9711113220889DCB00D001F7 /* LAppView.cpp in Sources */,
				971112022088A4AF00D001F7 /* CubismRenderer_OpenGLES2.cpp in Sources */,
				971112082088A4AF00D001F7 /* CubismDebug.cpp in Sources */,
				971111F62088A4AF00D001F7 /* CubismMotionManager.cpp in Sources */,
				971111CC2088A4AE00D001F7 /* CubismModelSettingJson.cpp in Sources */,
				971111E62088A4AE00D001F7 /* CubismModel.cpp in Sources */,
				9711112E20889DCB00D001F7 /* LAppPal.cpp in Sources */,
				971111FC2088A4AF00D001F7 /* CubismPhysics.cpp in Sources */,
				9711112820889DCB00D001F7 /* TouchManager.cpp in Sources */,
				971111C82088A4AE00D001F7 /* CubismDefaultParameterId.cpp in Sources */,
				971112042088A4AF00D001F7 /* csmRectF.cpp in Sources */,
				971111D22088A4AE00D001F7 /* CubismPose.cpp in Sources */,
				8015F04321F87F9700A57734 /* LAppSprite.cpp in Sources */,
				971111D82088A4AE00D001F7 /* CubismMath.cpp in Sources */,
				971111DA2088A4AE00D001F7 /* CubismMatrix44.cpp in Sources */,
				971111DC2088A4AE00D001F7 /* CubismModelMatrix.cpp in Sources */,
				9711112420889DCB00D001F7 /* SampleScene.cpp in Sources */,
				971111F02088A4AE00D001F7 /* CubismExpressionMotion.cpp in Sources */,
				971111D62088A4AE00D001F7 /* CubismIdManager.cpp in Sources */,
				971111EA2088A4AE00D001F7 /* CubismModelUserDataJson.cpp in Sources */,
				971111D42088A4AE00D001F7 /* CubismId.cpp in Sources */,
				809EB2D021D3816E00A50681 /* CubismOffscreenSurface_OpenGLES2.cpp in Sources */,
				9711112C20889DCB00D001F7 /* LAppLive2DManager.cpp in Sources */,
				971111F42088A4AF00D001F7 /* CubismMotionJson.cpp in Sources */,
				971111D02088A4AE00D001F7 /* CubismEyeBlink.cpp in Sources */,
				971111F22088A4AE00D001F7 /* CubismMotion.cpp in Sources */,
				971111CA2088A4AE00D001F7 /* CubismFramework.cpp in Sources */,
				46880B8919C43A87006E1F66 /* AppDelegate.cpp in Sources */,
				9711120C2088A4AF00D001F7 /* CubismString.cpp in Sources */,
				971111E02088A4AE00D001F7 /* CubismVector2.cpp in Sources */,
				971111E42088A4AE00D001F7 /* CubismMoc.cpp in Sources */,
				971111FA2088A4AF00D001F7 /* CubismMotionQueueManager.cpp in Sources */,
				503AE10517EB98FF00D1A890 /* main.cpp in Sources */,
			);
			runOnlyForDeploymentPostprocessing = 0;
		};
/* End PBXSourcesBuildPhase section */

/* Begin XCBuildConfiguration section */
		1D6058940D05DD3E006BFB54 /* Debug */ = {
			isa = XCBuildConfiguration;
			buildSettings = {
				ALWAYS_SEARCH_USER_PATHS = YES;
				CODE_SIGN_IDENTITY = "iPhone Developer";
				CODE_SIGN_STYLE = Automatic;
				COMPRESS_PNG_FILES = NO;
				DEVELOPMENT_TEAM = "";
				ENABLE_BITCODE = NO;
				GCC_DYNAMIC_NO_PIC = NO;
				GCC_INLINES_ARE_PRIVATE_EXTERN = NO;
				GCC_PRECOMPILE_PREFIX_HEADER = YES;
				GCC_PREFIX_HEADER = ios/Prefix.pch;
				GCC_PREPROCESSOR_DEFINITIONS = (
					USE_FILE32API,
					"COCOS2D_DEBUG=1",
					"CC_ENABLE_CHIPMUNK_INTEGRATION=1",
					CSM_TARGET_IPHONE_ES2,
				);
				GCC_SYMBOLS_PRIVATE_EXTERN = NO;
				HEADER_SEARCH_PATHS = "$(inherited)";
				INFOPLIST_FILE = ios/Info.plist;
				LIBRARY_SEARCH_PATHS = "$(SRCROOT)/../../../../Core/lib/ios/$(CONFIGURATION)-$(PLATFORM_NAME)";
				OTHER_LDFLAGS = (
					"$(_COCOS_LIB_IOS_BEGIN)",
					"$(_COCOS_LIB_IOS_END)",
					"-lLive2DCubismCore",
				);
				PRODUCT_BUNDLE_IDENTIFIER = com.live2d.demo;
				PROVISIONING_PROFILE_SPECIFIER = "";
				SDKROOT = iphoneos;
				STRIP_PNG_TEXT = NO;
				TARGETED_DEVICE_FAMILY = "1,2";
				USER_HEADER_SEARCH_PATHS = "$(_COCOS_HEADER_IOS_BEGIN) $(_COCOS_HEADER_IOS_END)";
				VALID_ARCHS = "";
				"VALID_ARCHS[sdk=iphoneos*]" = arm64;
				"VALID_ARCHS[sdk=iphonesimulator*]" = x86_64;
			};
			name = Debug;
		};
		1D6058950D05DD3E006BFB54 /* Release */ = {
			isa = XCBuildConfiguration;
			buildSettings = {
				ALWAYS_SEARCH_USER_PATHS = YES;
				CODE_SIGN_IDENTITY = "iPhone Developer";
				CODE_SIGN_STYLE = Automatic;
				COMPRESS_PNG_FILES = NO;
				DEVELOPMENT_TEAM = "";
				ENABLE_BITCODE = NO;
				GCC_INLINES_ARE_PRIVATE_EXTERN = NO;
				GCC_PRECOMPILE_PREFIX_HEADER = YES;
				GCC_PREFIX_HEADER = ios/Prefix.pch;
				GCC_PREPROCESSOR_DEFINITIONS = (
					USE_FILE32API,
					"CC_ENABLE_CHIPMUNK_INTEGRATION=1",
					NDEBUG,
					CSM_TARGET_IPHONE_ES2,
				);
				GCC_SYMBOLS_PRIVATE_EXTERN = NO;
				HEADER_SEARCH_PATHS = "$(inherited)";
				INFOPLIST_FILE = ios/Info.plist;
				LIBRARY_SEARCH_PATHS = "$(SRCROOT)/../../../../Core/lib/ios/$(CONFIGURATION)-$(PLATFORM_NAME)";
				OTHER_LDFLAGS = (
					"$(_COCOS_LIB_IOS_BEGIN)",
					"$(_COCOS_LIB_IOS_END)",
					"-lLive2DCubismCore",
				);
				PRODUCT_BUNDLE_IDENTIFIER = com.live2d.demo;
				PROVISIONING_PROFILE_SPECIFIER = "";
				SDKROOT = iphoneos;
				STRIP_PNG_TEXT = NO;
				TARGETED_DEVICE_FAMILY = "1,2";
				USER_HEADER_SEARCH_PATHS = "$(_COCOS_HEADER_IOS_BEGIN) $(_COCOS_HEADER_IOS_END)";
				VALID_ARCHS = "";
				"VALID_ARCHS[sdk=iphoneos*]" = arm64;
				"VALID_ARCHS[sdk=iphonesimulator*]" = x86_64;
			};
			name = Release;
		};
		5087E76D17EB910900C73F5D /* Debug */ = {
			isa = XCBuildConfiguration;
			buildSettings = {
				ALWAYS_SEARCH_USER_PATHS = YES;
				ARCHS = "$(ARCHS_STANDARD)";
				CLANG_CXX_LANGUAGE_STANDARD = "c++0x";
				CLANG_CXX_LIBRARY = "libc++";
				CODE_SIGN_IDENTITY = "Mac Developer";
				CODE_SIGN_STYLE = Automatic;
				DEVELOPMENT_TEAM = "";
				GCC_DYNAMIC_NO_PIC = NO;
				GCC_INLINES_ARE_PRIVATE_EXTERN = NO;
				GCC_PRECOMPILE_PREFIX_HEADER = YES;
				GCC_PREFIX_HEADER = mac/Prefix.pch;
				GCC_PREPROCESSOR_DEFINITIONS = (
					USE_FILE32API,
					"COCOS2D_DEBUG=1",
					"CC_ENABLE_CHIPMUNK_INTEGRATION=1",
					CSM_TARGET_MAC_COCOS2D,
				);
				GCC_SYMBOLS_PRIVATE_EXTERN = NO;
				HEADER_SEARCH_PATHS = (
					"$(inherited)",
					"$(SRCROOT)/../../cocos2d/external/glfw3/include/mac",
				);
				INFOPLIST_FILE = mac/Info.plist;
				LIBRARY_SEARCH_PATHS = "$(SRCROOT)/../../../../Core/lib/macos";
				OTHER_LDFLAGS = (
					"$(_COCOS_LIB_MAC_BEGIN)",
					"$(_COCOS_LIB_MAC_END)",
					"-lLive2DCubismCore",
				);
				PRODUCT_BUNDLE_IDENTIFIER = com.live2d.demo;
				PROVISIONING_PROFILE_SPECIFIER = "";
				USER_HEADER_SEARCH_PATHS = "$(_COCOS_HEADER_MAC_BEGIN) $(_COCOS_HEADER_MAC_END)";
				VALID_ARCHS = x86_64;
			};
			name = Debug;
		};
		5087E76E17EB910900C73F5D /* Release */ = {
			isa = XCBuildConfiguration;
			buildSettings = {
				ALWAYS_SEARCH_USER_PATHS = YES;
				ARCHS = "$(ARCHS_STANDARD)";
				CLANG_CXX_LANGUAGE_STANDARD = "c++0x";
				CLANG_CXX_LIBRARY = "libc++";
				CODE_SIGN_IDENTITY = "Mac Developer";
				CODE_SIGN_STYLE = Automatic;
				DEVELOPMENT_TEAM = "";
				GCC_INLINES_ARE_PRIVATE_EXTERN = NO;
				GCC_PRECOMPILE_PREFIX_HEADER = YES;
				GCC_PREFIX_HEADER = mac/Prefix.pch;
				GCC_PREPROCESSOR_DEFINITIONS = (
					USE_FILE32API,
					"CC_ENABLE_CHIPMUNK_INTEGRATION=1",
					NDEBUG,
					CSM_TARGET_MAC_COCOS2D,
				);
				GCC_SYMBOLS_PRIVATE_EXTERN = NO;
				HEADER_SEARCH_PATHS = (
					"$(inherited)",
					"$(SRCROOT)/../../cocos2d/external/glfw3/include/mac",
				);
				INFOPLIST_FILE = mac/Info.plist;
				LIBRARY_SEARCH_PATHS = "$(SRCROOT)/../../../../Core/lib/macos";
				OTHER_LDFLAGS = (
					"$(_COCOS_LIB_MAC_BEGIN)",
					"$(_COCOS_LIB_MAC_END)",
					"-lLive2DCubismCore",
				);
				PRODUCT_BUNDLE_IDENTIFIER = com.live2d.demo;
				PROVISIONING_PROFILE_SPECIFIER = "";
				USER_HEADER_SEARCH_PATHS = "$(_COCOS_HEADER_MAC_BEGIN) $(_COCOS_HEADER_MAC_END)";
				VALID_ARCHS = x86_64;
			};
			name = Release;
		};
		C01FCF4F08A954540054247B /* Debug */ = {
			isa = XCBuildConfiguration;
			buildSettings = {
				CLANG_CXX_LANGUAGE_STANDARD = "c++0x";
				CLANG_CXX_LIBRARY = "libc++";
				COPY_PHASE_STRIP = NO;
				GCC_OPTIMIZATION_LEVEL = 0;
				GCC_WARN_ABOUT_RETURN_TYPE = YES;
				GCC_WARN_UNUSED_VARIABLE = YES;
				HEADER_SEARCH_PATHS = (
					"$(SRCROOT)/../../cocos2d",
					"$(SRCROOT)/../../cocos2d/cocos/audio/include",
					"$(SRCROOT)/../../cocos2d/cocos",
					"$(SRCROOT)/../../cocos2d/extensions",
					"$(SRCROOT)/../../cocos2d/external",
					"$(SRCROOT)/../../cocos2d/external/chipmunk/include/chipmunk",
					"$(SRCROOT)/../../cocos2d/cocos/editor-support",
					"$(SRCROOT)/../../../../Framework/src/**",
					"$(SRCROOT)/../../../../Core/include",
				);
				LIBRARY_SEARCH_PATHS = "";
				ONLY_ACTIVE_ARCH = NO;
				OTHER_LDFLAGS = "";
				PRODUCT_BUNDLE_IDENTIFIER = com.live2d.demo;
				PRODUCT_NAME = "$(TARGET_NAME)";
				SDKROOT = macosx;
				VALID_ARCHS = x86_64;
			};
			name = Debug;
		};
		C01FCF5008A954540054247B /* Release */ = {
			isa = XCBuildConfiguration;
			buildSettings = {
				CLANG_CXX_LANGUAGE_STANDARD = "c++0x";
				CLANG_CXX_LIBRARY = "libc++";
				GCC_WARN_ABOUT_RETURN_TYPE = YES;
				GCC_WARN_UNUSED_VARIABLE = YES;
				HEADER_SEARCH_PATHS = (
					"$(SRCROOT)/../../cocos2d",
					"$(SRCROOT)/../../cocos2d/cocos/audio/include",
					"$(SRCROOT)/../../cocos2d/cocos",
					"$(SRCROOT)/../../cocos2d/extensions",
					"$(SRCROOT)/../../cocos2d/external",
					"$(SRCROOT)/../../cocos2d/external/chipmunk/include/chipmunk",
					"$(SRCROOT)/../../cocos2d/cocos/editor-support",
					"$(SRCROOT)/../../../../Framework/src/**",
					"$(SRCROOT)/../../../../Core/include",
				);
				LIBRARY_SEARCH_PATHS = "";
				ONLY_ACTIVE_ARCH = YES;
				OTHER_CFLAGS = "-DNS_BLOCK_ASSERTIONS=1";
				OTHER_LDFLAGS = "";
				PRODUCT_BUNDLE_IDENTIFIER = com.live2d.demo;
				PRODUCT_NAME = "$(TARGET_NAME)";
				SDKROOT = macosx;
				VALIDATE_PRODUCT = YES;
				VALID_ARCHS = x86_64;
			};
			name = Release;
		};
/* End XCBuildConfiguration section */

/* Begin XCConfigurationList section */
		1D6058960D05DD3E006BFB54 /* Build configuration list for PBXNativeTarget "Demo-mobile" */ = {
			isa = XCConfigurationList;
			buildConfigurations = (
				1D6058940D05DD3E006BFB54 /* Debug */,
				1D6058950D05DD3E006BFB54 /* Release */,
			);
			defaultConfigurationIsVisible = 0;
			defaultConfigurationName = Debug;
		};
		5087E76C17EB910900C73F5D /* Build configuration list for PBXNativeTarget "Demo-desktop" */ = {
			isa = XCConfigurationList;
			buildConfigurations = (
				5087E76D17EB910900C73F5D /* Debug */,
				5087E76E17EB910900C73F5D /* Release */,
			);
			defaultConfigurationIsVisible = 0;
			defaultConfigurationName = Debug;
		};
		C01FCF4E08A954540054247B /* Build configuration list for PBXProject "Demo" */ = {
			isa = XCConfigurationList;
			buildConfigurations = (
				C01FCF4F08A954540054247B /* Debug */,
				C01FCF5008A954540054247B /* Release */,
			);
			defaultConfigurationIsVisible = 0;
			defaultConfigurationName = Debug;
		};
/* End XCConfigurationList section */
	};
	rootObject = 29B97313FDCFA39411CA2CEA /* Project object */;
}
